// !$*UTF8*$!
{
	archiveVersion = 1;
	classes = {
	};
	objectVersion = 77;
	objects = {

/* Begin PBXBuildFile section */
		8A04BCB82D9B79A80016A0C5 /* MatchEndpoint.swift in Sources */ = {isa = PBXBuildFile; fileRef = 8A04BCB72D9B79A80016A0C5 /* MatchEndpoint.swift */; };
		8A04BCBC2D9B7E5B0016A0C5 /* MatchResponseElementDTO.swift in Sources */ = {isa = PBXBuildFile; fileRef = 8A04BCBB2D9B7E5B0016A0C5 /* MatchResponseElementDTO.swift */; };
		8A04BCC02D9B9AF60016A0C5 /* MatchResponseElement.swift in Sources */ = {isa = PBXBuildFile; fileRef = 8A04BCBF2D9B9AF60016A0C5 /* MatchResponseElement.swift */; };
		8A04BCC42D9B9C050016A0C5 /* MatchMakeRequestDTO.swift in Sources */ = {isa = PBXBuildFile; fileRef = 8A04BCC32D9B9C050016A0C5 /* MatchMakeRequestDTO.swift */; };
		8A04BCC62D9B9D7F0016A0C5 /* MatchMakeRequest.swift in Sources */ = {isa = PBXBuildFile; fileRef = 8A04BCC52D9B9D7F0016A0C5 /* MatchMakeRequest.swift */; };
		8A04BCCC2D9B9FFA0016A0C5 /* MatchResponse.swift in Sources */ = {isa = PBXBuildFile; fileRef = 8A04BCCB2D9B9FFA0016A0C5 /* MatchResponse.swift */; };
		8A04BCCE2D9BA0040016A0C5 /* MatchResponseDTO.swift in Sources */ = {isa = PBXBuildFile; fileRef = 8A04BCCD2D9BA0040016A0C5 /* MatchResponseDTO.swift */; };
		8A04BCD32D9BC3260016A0C5 /* MyInfoResponseDTO.swift in Sources */ = {isa = PBXBuildFile; fileRef = 8A04BCD22D9BC3260016A0C5 /* MyInfoResponseDTO.swift */; };
		8A04BCD52D9BC3DF0016A0C5 /* MyInfoResponse.swift in Sources */ = {isa = PBXBuildFile; fileRef = 8A04BCD42D9BC3DF0016A0C5 /* MyInfoResponse.swift */; };
		8A2861262DCB1370009F89AC /* SearchSelectView.swift in Sources */ = {isa = PBXBuildFile; fileRef = 8A2861252DCB1370009F89AC /* SearchSelectView.swift */; };
		8A28612E2DCB1752009F89AC /* SDWebImageSwiftUI in Frameworks */ = {isa = PBXBuildFile; productRef = 8A28612D2DCB1752009F89AC /* SDWebImageSwiftUI */; };
		8A3E22CF2D8BA3A600EA1646 /* ComposableArchitecture in Frameworks */ = {isa = PBXBuildFile; productRef = 8A3E22CE2D8BA3A600EA1646 /* ComposableArchitecture */; };
		8A3E22D22D8BA3CD00EA1646 /* CombineMoya in Frameworks */ = {isa = PBXBuildFile; productRef = 8A3E22D12D8BA3CD00EA1646 /* CombineMoya */; };
		8A3E22D42D8BA3CD00EA1646 /* Moya in Frameworks */ = {isa = PBXBuildFile; productRef = 8A3E22D32D8BA3CD00EA1646 /* Moya */; };
		8A3E22D62D8BA3CD00EA1646 /* ReactiveMoya in Frameworks */ = {isa = PBXBuildFile; productRef = 8A3E22D52D8BA3CD00EA1646 /* ReactiveMoya */; };
		8A3E22D82D8BA3CD00EA1646 /* RxMoya in Frameworks */ = {isa = PBXBuildFile; productRef = 8A3E22D72D8BA3CD00EA1646 /* RxMoya */; };
		8A3E22DB2D8BA42E00EA1646 /* FirebaseAuth in Frameworks */ = {isa = PBXBuildFile; productRef = 8A3E22DA2D8BA42E00EA1646 /* FirebaseAuth */; };
		8A3E22DD2D8BA42E00EA1646 /* FirebaseCrashlytics in Frameworks */ = {isa = PBXBuildFile; productRef = 8A3E22DC2D8BA42E00EA1646 /* FirebaseCrashlytics */; };
		8A3E22DF2D8BA42E00EA1646 /* FirebaseMessaging in Frameworks */ = {isa = PBXBuildFile; productRef = 8A3E22DE2D8BA42E00EA1646 /* FirebaseMessaging */; };
		8A3E23062D8BA56000EA1646 /* FutsalGGApp.swift in Sources */ = {isa = PBXBuildFile; fileRef = 8A3E23032D8BA56000EA1646 /* FutsalGGApp.swift */; };
		8A3E23082D8BA56000EA1646 /* Pretendard-Black.otf in Resources */ = {isa = PBXBuildFile; fileRef = 8A3E22F62D8BA56000EA1646 /* Pretendard-Black.otf */; };
		8A3E23092D8BA56000EA1646 /* Pretendard-Bold.otf in Resources */ = {isa = PBXBuildFile; fileRef = 8A3E22F72D8BA56000EA1646 /* Pretendard-Bold.otf */; };
		8A3E230A2D8BA56000EA1646 /* Pretendard-ExtraBold.otf in Resources */ = {isa = PBXBuildFile; fileRef = 8A3E22F82D8BA56000EA1646 /* Pretendard-ExtraBold.otf */; };
		8A3E230B2D8BA56000EA1646 /* Pretendard-ExtraLight.otf in Resources */ = {isa = PBXBuildFile; fileRef = 8A3E22F92D8BA56000EA1646 /* Pretendard-ExtraLight.otf */; };
		8A3E230C2D8BA56000EA1646 /* Pretendard-Light.otf in Resources */ = {isa = PBXBuildFile; fileRef = 8A3E22FA2D8BA56000EA1646 /* Pretendard-Light.otf */; };
		8A3E230D2D8BA56000EA1646 /* Pretendard-Medium.otf in Resources */ = {isa = PBXBuildFile; fileRef = 8A3E22FB2D8BA56000EA1646 /* Pretendard-Medium.otf */; };
		8A3E230E2D8BA56000EA1646 /* Pretendard-Regular.otf in Resources */ = {isa = PBXBuildFile; fileRef = 8A3E22FC2D8BA56000EA1646 /* Pretendard-Regular.otf */; };
		8A3E230F2D8BA56000EA1646 /* Pretendard-SemiBold.otf in Resources */ = {isa = PBXBuildFile; fileRef = 8A3E22FD2D8BA56000EA1646 /* Pretendard-SemiBold.otf */; };
		8A3E23102D8BA56000EA1646 /* Pretendard-Thin.otf in Resources */ = {isa = PBXBuildFile; fileRef = 8A3E22FE2D8BA56000EA1646 /* Pretendard-Thin.otf */; };
		8A3E23112D8BA56000EA1646 /* Assets.xcassets in Resources */ = {isa = PBXBuildFile; fileRef = 8A3E23012D8BA56000EA1646 /* Assets.xcassets */; };
		8A3E23222D8CE59700EA1646 /* LoginPage.swift in Sources */ = {isa = PBXBuildFile; fileRef = 8A3E23202D8CE59700EA1646 /* LoginPage.swift */; };
		8A3E23242D8CE81A00EA1646 /* Color+Extension.swift in Sources */ = {isa = PBXBuildFile; fileRef = 8A3E23232D8CE81A00EA1646 /* Color+Extension.swift */; };
		8A3E23262D8CE82500EA1646 /* View+Extension.swift in Sources */ = {isa = PBXBuildFile; fileRef = 8A3E23252D8CE82500EA1646 /* View+Extension.swift */; };
		8A3E232A2D8CEACA00EA1646 /* Contents.json in Resources */ = {isa = PBXBuildFile; fileRef = 8A3E23292D8CEACA00EA1646 /* Contents.json */; };
		8A6015E82DADE960001C8445 /* login_background.pdf in Resources */ = {isa = PBXBuildFile; fileRef = 8A6015E72DADE960001C8445 /* login_background.pdf */; };
		8A6015F12DADF42A001C8445 /* DepthHeader.swift in Sources */ = {isa = PBXBuildFile; fileRef = 8A6015EF2DADF42A001C8445 /* DepthHeader.swift */; };
		8A6015F32DADF44E001C8445 /* back_icon.pdf in Resources */ = {isa = PBXBuildFile; fileRef = 8A6015F22DADF44E001C8445 /* back_icon.pdf */; };
		8A6015FB2DAE4062001C8445 /* checkbox_off.pdf in Resources */ = {isa = PBXBuildFile; fileRef = 8A6015F92DAE4062001C8445 /* checkbox_off.pdf */; };
		8A6015FC2DAE4062001C8445 /* checkbox_on.pdf in Resources */ = {isa = PBXBuildFile; fileRef = 8A6015FA2DAE4062001C8445 /* checkbox_on.pdf */; };
		8A6015FE2DAE41C3001C8445 /* arrow_term_icon.pdf in Resources */ = {isa = PBXBuildFile; fileRef = 8A6015FD2DAE41C3001C8445 /* arrow_term_icon.pdf */; };
		8A763DBD2DB2205F003AFB58 /* LoginFeature.swift in Sources */ = {isa = PBXBuildFile; fileRef = 8A763DB92DB2205F003AFB58 /* LoginFeature.swift */; };
		8A763DBE2DB2205F003AFB58 /* SignUpFeature.swift in Sources */ = {isa = PBXBuildFile; fileRef = 8A763DBA2DB2205F003AFB58 /* SignUpFeature.swift */; };
		8A763DBF2DB2205F003AFB58 /* TermFeature.swift in Sources */ = {isa = PBXBuildFile; fileRef = 8A763DBB2DB2205F003AFB58 /* TermFeature.swift */; };
		8A763DC32DB2210F003AFB58 /* MainPage.swift in Sources */ = {isa = PBXBuildFile; fileRef = 8A763DC22DB2210F003AFB58 /* MainPage.swift */; };
		8A79A9602D924320005D7BD5 /* LoginResponse.swift in Sources */ = {isa = PBXBuildFile; fileRef = 8A79A95F2D924320005D7BD5 /* LoginResponse.swift */; };
		8A79A9622D924356005D7BD5 /* LoginResponseDTO.swift in Sources */ = {isa = PBXBuildFile; fileRef = 8A79A9612D924356005D7BD5 /* LoginResponseDTO.swift */; };
		8A79A9642D925A06005D7BD5 /* AppConstant.swift in Sources */ = {isa = PBXBuildFile; fileRef = 8A79A9632D925A06005D7BD5 /* AppConstant.swift */; };
		8A79A96A2D925A6D005D7BD5 /* TokenRefreshResponseDTO.swift in Sources */ = {isa = PBXBuildFile; fileRef = 8A79A9682D925A6D005D7BD5 /* TokenRefreshResponseDTO.swift */; };
		8A79A9722D925B5D005D7BD5 /* TokenRefreshResponse.swift in Sources */ = {isa = PBXBuildFile; fileRef = 8A79A9702D925B5D005D7BD5 /* TokenRefreshResponse.swift */; };
		8A79A9972D926917005D7BD5 /* NetworkService.swift in Sources */ = {isa = PBXBuildFile; fileRef = 8A79A9942D926917005D7BD5 /* NetworkService.swift */; };
		8A79A99B2D92691B005D7BD5 /* AuthEndpoint.swift in Sources */ = {isa = PBXBuildFile; fileRef = 8A79A9982D92691B005D7BD5 /* AuthEndpoint.swift */; };
		8A79A99D2D927685005D7BD5 /* TokenManager.swift in Sources */ = {isa = PBXBuildFile; fileRef = 8A79A99C2D927685005D7BD5 /* TokenManager.swift */; };
		8A79A99F2D9276B6005D7BD5 /* PreferenceManager.swift in Sources */ = {isa = PBXBuildFile; fileRef = 8A79A99E2D9276B6005D7BD5 /* PreferenceManager.swift */; };
		8A79A9A22D927742005D7BD5 /* KeychainSwift in Frameworks */ = {isa = PBXBuildFile; productRef = 8A79A9A12D927742005D7BD5 /* KeychainSwift */; };
		8A79A9A42D927E33005D7BD5 /* APIEndpoint.swift in Sources */ = {isa = PBXBuildFile; fileRef = 8A79A9A32D927E33005D7BD5 /* APIEndpoint.swift */; };
		8A79A9A62D927E61005D7BD5 /* NetworkError.swift in Sources */ = {isa = PBXBuildFile; fileRef = 8A79A9A52D927E61005D7BD5 /* NetworkError.swift */; };
		8A821E132D9636CC00168D69 /* GoogleService-Info.plist in Resources */ = {isa = PBXBuildFile; fileRef = 8A821E122D9636CC00168D69 /* GoogleService-Info.plist */; };
		8A821E152D964D7800168D69 /* TeamMakeRequestDTO.swift in Sources */ = {isa = PBXBuildFile; fileRef = 8A821E142D964D7800168D69 /* TeamMakeRequestDTO.swift */; };
		8A821E172D964D9A00168D69 /* TeamMakeRequest.swift in Sources */ = {isa = PBXBuildFile; fileRef = 8A821E162D964D9A00168D69 /* TeamMakeRequest.swift */; };
		8A821E1B2D96556A00168D69 /* ImageUploadURLResponse.swift in Sources */ = {isa = PBXBuildFile; fileRef = 8A821E192D96556A00168D69 /* ImageUploadURLResponse.swift */; };
		8A821E1F2D96557900168D69 /* ImageUploadURLResponseDTO.swift in Sources */ = {isa = PBXBuildFile; fileRef = 8A821E1D2D96557900168D69 /* ImageUploadURLResponseDTO.swift */; };
		8A821E212D96616D00168D69 /* TeamSearchResponseDTO.swift in Sources */ = {isa = PBXBuildFile; fileRef = 8A821E202D96616D00168D69 /* TeamSearchResponseDTO.swift */; };
		8A821E232D9661C300168D69 /* TeamSearchResponse.swift in Sources */ = {isa = PBXBuildFile; fileRef = 8A821E222D9661C300168D69 /* TeamSearchResponse.swift */; };
		8A821E252D96839A00168D69 /* MainResponseDTO.swift in Sources */ = {isa = PBXBuildFile; fileRef = 8A821E242D96839A00168D69 /* MainResponseDTO.swift */; };
		8A821E272D96845800168D69 /* MainResponse.swift in Sources */ = {isa = PBXBuildFile; fileRef = 8A821E262D96845800168D69 /* MainResponse.swift */; };
		8A84BBA52D8CECA800942D94 /* Preview Assets.xcassets in Resources */ = {isa = PBXBuildFile; fileRef = 8A84BBA42D8CECA800942D94 /* Preview Assets.xcassets */; };
		8ABA1ADB2DADDD2B002223F0 /* MimeTyper.swift in Sources */ = {isa = PBXBuildFile; fileRef = 8ABA1AD92DADDD2B002223F0 /* MimeTyper.swift */; };
		8ABA2A432DA4A4CE00B67A4F /* MatchScoreRequestDTO.swift in Sources */ = {isa = PBXBuildFile; fileRef = 8ABA2A422DA4A4CE00B67A4F /* MatchScoreRequestDTO.swift */; };
		8ABA2A452DA4A58A00B67A4F /* MatchScoreResponseDTO.swift in Sources */ = {isa = PBXBuildFile; fileRef = 8ABA2A442DA4A58A00B67A4F /* MatchScoreResponseDTO.swift */; };
		8ABA2A472DA4ADDF00B67A4F /* MatchMemoRequestDTO.swift in Sources */ = {isa = PBXBuildFile; fileRef = 8ABA2A462DA4ADDF00B67A4F /* MatchMemoRequestDTO.swift */; };
		8ABA2A492DA4AEA100B67A4F /* MatchMemoResponseDTO.swift in Sources */ = {isa = PBXBuildFile; fileRef = 8ABA2A482DA4AEA100B67A4F /* MatchMemoResponseDTO.swift */; };
		8ABFCCB52DB0839A00B183FA /* ImagePicker.swift in Sources */ = {isa = PBXBuildFile; fileRef = 8ABFCCB42DB0839A00B183FA /* ImagePicker.swift */; };
		8ABFCCB82DB0B47600B183FA /* Mantis in Frameworks */ = {isa = PBXBuildFile; productRef = 8ABFCCB72DB0B47600B183FA /* Mantis */; };
		8ABFCCBB2DB0BD0200B183FA /* Lottie in Frameworks */ = {isa = PBXBuildFile; productRef = 8ABFCCBA2DB0BD0200B183FA /* Lottie */; };
		8AC71AE82DA3591C0088E898 /* TeamMemberDTO.swift in Sources */ = {isa = PBXBuildFile; fileRef = 8AC71AE72DA3591C0088E898 /* TeamMemberDTO.swift */; };
		8AC71AEA2DA359500088E898 /* TeamMember.swift in Sources */ = {isa = PBXBuildFile; fileRef = 8AC71AE92DA359500088E898 /* TeamMember.swift */; };
		8AC71AEC2DA393310088E898 /* TeamMatchRecordDTO.swift in Sources */ = {isa = PBXBuildFile; fileRef = 8AC71AEB2DA393310088E898 /* TeamMatchRecordDTO.swift */; };
		8AC71AEE2DA394D70088E898 /* TeamMatchRecord.swift in Sources */ = {isa = PBXBuildFile; fileRef = 8AC71AED2DA394D70088E898 /* TeamMatchRecord.swift */; };
		8AC71AF02DA3A9DA0088E898 /* RoleDTO.swift in Sources */ = {isa = PBXBuildFile; fileRef = 8AC71AEF2DA3A9DA0088E898 /* RoleDTO.swift */; };
		8AC71AF22DA3AB4A0088E898 /* MemberStatusDTO.swift in Sources */ = {isa = PBXBuildFile; fileRef = 8AC71AF12DA3AB4A0088E898 /* MemberStatusDTO.swift */; };
		8AC71AF42DA3B8CD0088E898 /* MatchMemberResponseDTO.swift in Sources */ = {isa = PBXBuildFile; fileRef = 8AC71AF32DA3B8CD0088E898 /* MatchMemberResponseDTO.swift */; };
		8AC71AF62DA3B9740088E898 /* MatchMemberResponse.swift in Sources */ = {isa = PBXBuildFile; fileRef = 8AC71AF52DA3B9740088E898 /* MatchMemberResponse.swift */; };
		8AC8D1CA2DAF3F94005FA2E9 /* CalendarView.swift in Sources */ = {isa = PBXBuildFile; fileRef = 8AC8D1C92DAF3F94005FA2E9 /* CalendarView.swift */; };
		8AC8D1CE2DAF6A28005FA2E9 /* calendar_icon.pdf in Resources */ = {isa = PBXBuildFile; fileRef = 8AC8D1CD2DAF6A28005FA2E9 /* calendar_icon.pdf */; };
		8AC8D1D02DAF7D70005FA2E9 /* profile_title_icon.pdf in Resources */ = {isa = PBXBuildFile; fileRef = 8AC8D1CF2DAF7D70005FA2E9 /* profile_title_icon.pdf */; };
		8AC8D1D32DAF8073005FA2E9 /* add_image_icon.pdf in Resources */ = {isa = PBXBuildFile; fileRef = 8AC8D1D12DAF8073005FA2E9 /* add_image_icon.pdf */; };
		8AC8D1D42DAF8073005FA2E9 /* default_profile_img.pdf in Resources */ = {isa = PBXBuildFile; fileRef = 8AC8D1D22DAF8073005FA2E9 /* default_profile_img.pdf */; };
		8ACC68E02D915677001D49C0 /* LoginRequestDTO.swift in Sources */ = {isa = PBXBuildFile; fileRef = 8ACC68DF2D915677001D49C0 /* LoginRequestDTO.swift */; };
		8ACC68E62D915822001D49C0 /* LoginRequest.swift in Sources */ = {isa = PBXBuildFile; fileRef = 8ACC68E42D915822001D49C0 /* LoginRequest.swift */; };
		8ADFA17D2DA60BA90098E1D5 /* VoteEndpoint.swift in Sources */ = {isa = PBXBuildFile; fileRef = 8ADFA17C2DA60BA90098E1D5 /* VoteEndpoint.swift */; };
		8ADFA17F2DA62A250098E1D5 /* CommentEndpoint.swift in Sources */ = {isa = PBXBuildFile; fileRef = 8ADFA17E2DA62A250098E1D5 /* CommentEndpoint.swift */; };
		8ADFA1832DA633920098E1D5 /* CommentResponseDTO.swift in Sources */ = {isa = PBXBuildFile; fileRef = 8ADFA1822DA633920098E1D5 /* CommentResponseDTO.swift */; };
		8AEFAF4E2D938DDB00003B36 /* RootView.swift in Sources */ = {isa = PBXBuildFile; fileRef = 8AEFAF4D2D938DDB00003B36 /* RootView.swift */; };
		8AEFAF502D93926D00003B36 /* UserEndpoint.swift in Sources */ = {isa = PBXBuildFile; fileRef = 8AEFAF4F2D93926D00003B36 /* UserEndpoint.swift */; };
		8AEFAF562D9392E600003B36 /* SignUpRequest.swift in Sources */ = {isa = PBXBuildFile; fileRef = 8AEFAF542D9392E600003B36 /* SignUpRequest.swift */; };
		8AEFAF5E2D93930400003B36 /* SignUpRequestDTO.swift in Sources */ = {isa = PBXBuildFile; fileRef = 8AEFAF5C2D93930400003B36 /* SignUpRequestDTO.swift */; };
		8AEFAF6C2D93F02700003B36 /* TeamEndpoint.swift in Sources */ = {isa = PBXBuildFile; fileRef = 8AEFAF6B2D93F02700003B36 /* TeamEndpoint.swift */; };
		D61F05FD2DB34439002483D7 /* ImageEditorView.swift in Sources */ = {isa = PBXBuildFile; fileRef = D61F05F72DB34439002483D7 /* ImageEditorView.swift */; };
		D61F05FE2DB34439002483D7 /* SignUpPage.swift in Sources */ = {isa = PBXBuildFile; fileRef = D61F05F82DB34439002483D7 /* SignUpPage.swift */; };
		D61F05FF2DB34439002483D7 /* SignUpView.swift in Sources */ = {isa = PBXBuildFile; fileRef = D61F05F92DB34439002483D7 /* SignUpView.swift */; };
		D61F06002DB34439002483D7 /* TermDetailView.swift in Sources */ = {isa = PBXBuildFile; fileRef = D61F05FA2DB34439002483D7 /* TermDetailView.swift */; };
		D61F06012DB34439002483D7 /* TermView.swift in Sources */ = {isa = PBXBuildFile; fileRef = D61F05FB2DB34439002483D7 /* TermView.swift */; };
		D61F06042DB346E2002483D7 /* join_team_img.pdf in Resources */ = {isa = PBXBuildFile; fileRef = D61F06022DB346E2002483D7 /* join_team_img.pdf */; };
		D61F06052DB346E2002483D7 /* make_team_img.pdf in Resources */ = {isa = PBXBuildFile; fileRef = D61F06032DB346E2002483D7 /* make_team_img.pdf */; };
		D61F06072DB3479C002483D7 /* HomePage.swift in Sources */ = {isa = PBXBuildFile; fileRef = D61F06062DB3479C002483D7 /* HomePage.swift */; };
		D61F06092DB347A4002483D7 /* NoTeamPage.swift in Sources */ = {isa = PBXBuildFile; fileRef = D61F06082DB347A4002483D7 /* NoTeamPage.swift */; };
		D61F060B2DB34F48002483D7 /* MakeTeamPage.swift in Sources */ = {isa = PBXBuildFile; fileRef = D61F060A2DB34F48002483D7 /* MakeTeamPage.swift */; };
		D61F060D2DB35078002483D7 /* TeamFeature.swift in Sources */ = {isa = PBXBuildFile; fileRef = D61F060C2DB35078002483D7 /* TeamFeature.swift */; };
		D61F060F2DB37E63002483D7 /* SplashView.swift in Sources */ = {isa = PBXBuildFile; fileRef = D61F060E2DB37E63002483D7 /* SplashView.swift */; };
		D61F06132DB416DB002483D7 /* main_ios.png in Resources */ = {isa = PBXBuildFile; fileRef = D61F06122DB416DB002483D7 /* main_ios.png */; };
		D61F06152DB419EF002483D7 /* LoadingView.swift in Sources */ = {isa = PBXBuildFile; fileRef = D61F06142DB419EF002483D7 /* LoadingView.swift */; };
		D61F06172DB41B6F002483D7 /* default_team_logo.pdf in Resources */ = {isa = PBXBuildFile; fileRef = D61F06162DB41B6F002483D7 /* default_team_logo.pdf */; };
		D61F06192DB465F8002483D7 /* FindTeamPage.swift in Sources */ = {isa = PBXBuildFile; fileRef = D61F06182DB465F8002483D7 /* FindTeamPage.swift */; };
		D61F061B2DB466BC002483D7 /* search_icon.pdf in Resources */ = {isa = PBXBuildFile; fileRef = D61F061A2DB466BC002483D7 /* search_icon.pdf */; };
		D61F061D2DB466E6002483D7 /* list_profile_icon.pdf in Resources */ = {isa = PBXBuildFile; fileRef = D61F061C2DB466E6002483D7 /* list_profile_icon.pdf */; };
		D61F061F2DB47B63002483D7 /* search_empty_img.pdf in Resources */ = {isa = PBXBuildFile; fileRef = D61F061E2DB47B63002483D7 /* search_empty_img.pdf */; };
		D61F06212DB48781002483D7 /* AppFeature.swift in Sources */ = {isa = PBXBuildFile; fileRef = D61F06202DB48781002483D7 /* AppFeature.swift */; };
		D61F06232DB48799002483D7 /* MainFeature.swift in Sources */ = {isa = PBXBuildFile; fileRef = D61F06222DB48799002483D7 /* MainFeature.swift */; };
		D61F06252DB489EA002483D7 /* NoTeamFeature.swift in Sources */ = {isa = PBXBuildFile; fileRef = D61F06242DB489EA002483D7 /* NoTeamFeature.swift */; };
		D61F06272DB494C8002483D7 /* MakeTeamFeature.swift in Sources */ = {isa = PBXBuildFile; fileRef = D61F06262DB494C8002483D7 /* MakeTeamFeature.swift */; };
		D61F06292DB494DA002483D7 /* FindTeamFeature.swift in Sources */ = {isa = PBXBuildFile; fileRef = D61F06282DB494DA002483D7 /* FindTeamFeature.swift */; };
		D61F062B2DB4AA0F002483D7 /* MainView.swift in Sources */ = {isa = PBXBuildFile; fileRef = D61F062A2DB4AA0F002483D7 /* MainView.swift */; };
		D61F062D2DB4AAAE002483D7 /* setting_icon.pdf in Resources */ = {isa = PBXBuildFile; fileRef = D61F062C2DB4AAAE002483D7 /* setting_icon.pdf */; };
		D61F06312DB4AB2E002483D7 /* my_info_icon.pdf in Resources */ = {isa = PBXBuildFile; fileRef = D61F062E2DB4AB2E002483D7 /* my_info_icon.pdf */; };
		D61F06322DB4AB2E002483D7 /* record_tab_img.pdf in Resources */ = {isa = PBXBuildFile; fileRef = D61F062F2DB4AB2E002483D7 /* record_tab_img.pdf */; };
		D61F06332DB4AB2E002483D7 /* team_info_icon.pdf in Resources */ = {isa = PBXBuildFile; fileRef = D61F06302DB4AB2E002483D7 /* team_info_icon.pdf */; };
		D61F06362DB4AC93002483D7 /* badge_admin_icon.pdf in Resources */ = {isa = PBXBuildFile; fileRef = D61F06342DB4AC93002483D7 /* badge_admin_icon.pdf */; };
		D61F06372DB4AC93002483D7 /* badge_sub_icon.pdf in Resources */ = {isa = PBXBuildFile; fileRef = D61F06352DB4AC93002483D7 /* badge_sub_icon.pdf */; };
		D61F06392DB4E084002483D7 /* CreateMatchFeature.swift in Sources */ = {isa = PBXBuildFile; fileRef = D61F06382DB4E084002483D7 /* CreateMatchFeature.swift */; };
		D61F063B2DB4E0A3002483D7 /* CreateMatchView.swift in Sources */ = {isa = PBXBuildFile; fileRef = D61F063A2DB4E0A3002483D7 /* CreateMatchView.swift */; };
/* End PBXBuildFile section */

/* Begin PBXFileReference section */
		8A04BCB72D9B79A80016A0C5 /* MatchEndpoint.swift */ = {isa = PBXFileReference; lastKnownFileType = sourcecode.swift; path = MatchEndpoint.swift; sourceTree = "<group>"; };
		8A04BCBB2D9B7E5B0016A0C5 /* MatchResponseElementDTO.swift */ = {isa = PBXFileReference; lastKnownFileType = sourcecode.swift; path = MatchResponseElementDTO.swift; sourceTree = "<group>"; };
		8A04BCBF2D9B9AF60016A0C5 /* MatchResponseElement.swift */ = {isa = PBXFileReference; lastKnownFileType = sourcecode.swift; path = MatchResponseElement.swift; sourceTree = "<group>"; };
		8A04BCC32D9B9C050016A0C5 /* MatchMakeRequestDTO.swift */ = {isa = PBXFileReference; lastKnownFileType = sourcecode.swift; path = MatchMakeRequestDTO.swift; sourceTree = "<group>"; };
		8A04BCC52D9B9D7F0016A0C5 /* MatchMakeRequest.swift */ = {isa = PBXFileReference; lastKnownFileType = sourcecode.swift; path = MatchMakeRequest.swift; sourceTree = "<group>"; };
		8A04BCCB2D9B9FFA0016A0C5 /* MatchResponse.swift */ = {isa = PBXFileReference; lastKnownFileType = sourcecode.swift; path = MatchResponse.swift; sourceTree = "<group>"; };
		8A04BCCD2D9BA0040016A0C5 /* MatchResponseDTO.swift */ = {isa = PBXFileReference; lastKnownFileType = sourcecode.swift; path = MatchResponseDTO.swift; sourceTree = "<group>"; };
		8A04BCD22D9BC3260016A0C5 /* MyInfoResponseDTO.swift */ = {isa = PBXFileReference; lastKnownFileType = sourcecode.swift; path = MyInfoResponseDTO.swift; sourceTree = "<group>"; };
		8A04BCD42D9BC3DF0016A0C5 /* MyInfoResponse.swift */ = {isa = PBXFileReference; lastKnownFileType = sourcecode.swift; path = MyInfoResponse.swift; sourceTree = "<group>"; };
		8A2861252DCB1370009F89AC /* SearchSelectView.swift */ = {isa = PBXFileReference; lastKnownFileType = sourcecode.swift; path = SearchSelectView.swift; sourceTree = "<group>"; };
		8A3E22AA2D8B89DB00EA1646 /* FutsalGG.app */ = {isa = PBXFileReference; explicitFileType = wrapper.application; includeInIndex = 0; path = FutsalGG.app; sourceTree = BUILT_PRODUCTS_DIR; };
		8A3E22F62D8BA56000EA1646 /* Pretendard-Black.otf */ = {isa = PBXFileReference; lastKnownFileType = file; path = "Pretendard-Black.otf"; sourceTree = "<group>"; };
		8A3E22F72D8BA56000EA1646 /* Pretendard-Bold.otf */ = {isa = PBXFileReference; lastKnownFileType = file; path = "Pretendard-Bold.otf"; sourceTree = "<group>"; };
		8A3E22F82D8BA56000EA1646 /* Pretendard-ExtraBold.otf */ = {isa = PBXFileReference; lastKnownFileType = file; path = "Pretendard-ExtraBold.otf"; sourceTree = "<group>"; };
		8A3E22F92D8BA56000EA1646 /* Pretendard-ExtraLight.otf */ = {isa = PBXFileReference; lastKnownFileType = file; path = "Pretendard-ExtraLight.otf"; sourceTree = "<group>"; };
		8A3E22FA2D8BA56000EA1646 /* Pretendard-Light.otf */ = {isa = PBXFileReference; lastKnownFileType = file; path = "Pretendard-Light.otf"; sourceTree = "<group>"; };
		8A3E22FB2D8BA56000EA1646 /* Pretendard-Medium.otf */ = {isa = PBXFileReference; lastKnownFileType = file; path = "Pretendard-Medium.otf"; sourceTree = "<group>"; };
		8A3E22FC2D8BA56000EA1646 /* Pretendard-Regular.otf */ = {isa = PBXFileReference; lastKnownFileType = file; path = "Pretendard-Regular.otf"; sourceTree = "<group>"; };
		8A3E22FD2D8BA56000EA1646 /* Pretendard-SemiBold.otf */ = {isa = PBXFileReference; lastKnownFileType = file; path = "Pretendard-SemiBold.otf"; sourceTree = "<group>"; };
		8A3E22FE2D8BA56000EA1646 /* Pretendard-Thin.otf */ = {isa = PBXFileReference; lastKnownFileType = file; path = "Pretendard-Thin.otf"; sourceTree = "<group>"; };
		8A3E23012D8BA56000EA1646 /* Assets.xcassets */ = {isa = PBXFileReference; lastKnownFileType = folder.assetcatalog; path = Assets.xcassets; sourceTree = "<group>"; };
		8A3E23032D8BA56000EA1646 /* FutsalGGApp.swift */ = {isa = PBXFileReference; lastKnownFileType = sourcecode.swift; path = FutsalGGApp.swift; sourceTree = "<group>"; };
		8A3E231A2D8BA7F800EA1646 /* Info.plist */ = {isa = PBXFileReference; lastKnownFileType = text.plist.xml; path = Info.plist; sourceTree = "<group>"; };
		8A3E23202D8CE59700EA1646 /* LoginPage.swift */ = {isa = PBXFileReference; lastKnownFileType = sourcecode.swift; path = LoginPage.swift; sourceTree = "<group>"; };
		8A3E23232D8CE81A00EA1646 /* Color+Extension.swift */ = {isa = PBXFileReference; lastKnownFileType = sourcecode.swift; path = "Color+Extension.swift"; sourceTree = "<group>"; };
		8A3E23252D8CE82500EA1646 /* View+Extension.swift */ = {isa = PBXFileReference; lastKnownFileType = sourcecode.swift; path = "View+Extension.swift"; sourceTree = "<group>"; };
		8A3E23292D8CEACA00EA1646 /* Contents.json */ = {isa = PBXFileReference; lastKnownFileType = text.json; path = Contents.json; sourceTree = "<group>"; };
		8A6015E72DADE960001C8445 /* login_background.pdf */ = {isa = PBXFileReference; lastKnownFileType = image.pdf; path = login_background.pdf; sourceTree = "<group>"; };
		8A6015EF2DADF42A001C8445 /* DepthHeader.swift */ = {isa = PBXFileReference; lastKnownFileType = sourcecode.swift; path = DepthHeader.swift; sourceTree = "<group>"; };
		8A6015F22DADF44E001C8445 /* back_icon.pdf */ = {isa = PBXFileReference; lastKnownFileType = image.pdf; path = back_icon.pdf; sourceTree = "<group>"; };
		8A6015F92DAE4062001C8445 /* checkbox_off.pdf */ = {isa = PBXFileReference; lastKnownFileType = image.pdf; path = checkbox_off.pdf; sourceTree = "<group>"; };
		8A6015FA2DAE4062001C8445 /* checkbox_on.pdf */ = {isa = PBXFileReference; lastKnownFileType = image.pdf; path = checkbox_on.pdf; sourceTree = "<group>"; };
		8A6015FD2DAE41C3001C8445 /* arrow_term_icon.pdf */ = {isa = PBXFileReference; lastKnownFileType = image.pdf; path = arrow_term_icon.pdf; sourceTree = "<group>"; };
		8A763DB92DB2205F003AFB58 /* LoginFeature.swift */ = {isa = PBXFileReference; lastKnownFileType = sourcecode.swift; path = LoginFeature.swift; sourceTree = "<group>"; };
		8A763DBA2DB2205F003AFB58 /* SignUpFeature.swift */ = {isa = PBXFileReference; lastKnownFileType = sourcecode.swift; path = SignUpFeature.swift; sourceTree = "<group>"; };
		8A763DBB2DB2205F003AFB58 /* TermFeature.swift */ = {isa = PBXFileReference; lastKnownFileType = sourcecode.swift; path = TermFeature.swift; sourceTree = "<group>"; };
		8A763DC22DB2210F003AFB58 /* MainPage.swift */ = {isa = PBXFileReference; lastKnownFileType = sourcecode.swift; path = MainPage.swift; sourceTree = "<group>"; };
		8A79A95F2D924320005D7BD5 /* LoginResponse.swift */ = {isa = PBXFileReference; lastKnownFileType = sourcecode.swift; path = LoginResponse.swift; sourceTree = "<group>"; };
		8A79A9612D924356005D7BD5 /* LoginResponseDTO.swift */ = {isa = PBXFileReference; lastKnownFileType = sourcecode.swift; path = LoginResponseDTO.swift; sourceTree = "<group>"; };
		8A79A9632D925A06005D7BD5 /* AppConstant.swift */ = {isa = PBXFileReference; lastKnownFileType = sourcecode.swift; path = AppConstant.swift; sourceTree = "<group>"; };
		8A79A9682D925A6D005D7BD5 /* TokenRefreshResponseDTO.swift */ = {isa = PBXFileReference; lastKnownFileType = sourcecode.swift; path = TokenRefreshResponseDTO.swift; sourceTree = "<group>"; };
		8A79A9702D925B5D005D7BD5 /* TokenRefreshResponse.swift */ = {isa = PBXFileReference; lastKnownFileType = sourcecode.swift; path = TokenRefreshResponse.swift; sourceTree = "<group>"; };
		8A79A9942D926917005D7BD5 /* NetworkService.swift */ = {isa = PBXFileReference; lastKnownFileType = sourcecode.swift; path = NetworkService.swift; sourceTree = "<group>"; };
		8A79A9982D92691B005D7BD5 /* AuthEndpoint.swift */ = {isa = PBXFileReference; lastKnownFileType = sourcecode.swift; path = AuthEndpoint.swift; sourceTree = "<group>"; };
		8A79A99C2D927685005D7BD5 /* TokenManager.swift */ = {isa = PBXFileReference; lastKnownFileType = sourcecode.swift; path = TokenManager.swift; sourceTree = "<group>"; };
		8A79A99E2D9276B6005D7BD5 /* PreferenceManager.swift */ = {isa = PBXFileReference; lastKnownFileType = sourcecode.swift; path = PreferenceManager.swift; sourceTree = "<group>"; };
		8A79A9A32D927E33005D7BD5 /* APIEndpoint.swift */ = {isa = PBXFileReference; lastKnownFileType = sourcecode.swift; path = APIEndpoint.swift; sourceTree = "<group>"; };
		8A79A9A52D927E61005D7BD5 /* NetworkError.swift */ = {isa = PBXFileReference; lastKnownFileType = sourcecode.swift; path = NetworkError.swift; sourceTree = "<group>"; };
		8A821E122D9636CC00168D69 /* GoogleService-Info.plist */ = {isa = PBXFileReference; lastKnownFileType = text.plist.xml; path = "GoogleService-Info.plist"; sourceTree = "<group>"; };
		8A821E142D964D7800168D69 /* TeamMakeRequestDTO.swift */ = {isa = PBXFileReference; lastKnownFileType = sourcecode.swift; path = TeamMakeRequestDTO.swift; sourceTree = "<group>"; };
		8A821E162D964D9A00168D69 /* TeamMakeRequest.swift */ = {isa = PBXFileReference; lastKnownFileType = sourcecode.swift; path = TeamMakeRequest.swift; sourceTree = "<group>"; };
		8A821E192D96556A00168D69 /* ImageUploadURLResponse.swift */ = {isa = PBXFileReference; lastKnownFileType = sourcecode.swift; path = ImageUploadURLResponse.swift; sourceTree = "<group>"; };
		8A821E1D2D96557900168D69 /* ImageUploadURLResponseDTO.swift */ = {isa = PBXFileReference; lastKnownFileType = sourcecode.swift; path = ImageUploadURLResponseDTO.swift; sourceTree = "<group>"; };
		8A821E202D96616D00168D69 /* TeamSearchResponseDTO.swift */ = {isa = PBXFileReference; lastKnownFileType = sourcecode.swift; path = TeamSearchResponseDTO.swift; sourceTree = "<group>"; };
		8A821E222D9661C300168D69 /* TeamSearchResponse.swift */ = {isa = PBXFileReference; lastKnownFileType = sourcecode.swift; path = TeamSearchResponse.swift; sourceTree = "<group>"; };
		8A821E242D96839A00168D69 /* MainResponseDTO.swift */ = {isa = PBXFileReference; lastKnownFileType = sourcecode.swift; path = MainResponseDTO.swift; sourceTree = "<group>"; };
		8A821E262D96845800168D69 /* MainResponse.swift */ = {isa = PBXFileReference; lastKnownFileType = sourcecode.swift; path = MainResponse.swift; sourceTree = "<group>"; };
		8A84BBA42D8CECA800942D94 /* Preview Assets.xcassets */ = {isa = PBXFileReference; lastKnownFileType = folder.assetcatalog; path = "Preview Assets.xcassets"; sourceTree = "<group>"; };
		8ABA1AD92DADDD2B002223F0 /* MimeTyper.swift */ = {isa = PBXFileReference; lastKnownFileType = sourcecode.swift; path = MimeTyper.swift; sourceTree = "<group>"; };
		8ABA2A422DA4A4CE00B67A4F /* MatchScoreRequestDTO.swift */ = {isa = PBXFileReference; lastKnownFileType = sourcecode.swift; path = MatchScoreRequestDTO.swift; sourceTree = "<group>"; };
		8ABA2A442DA4A58A00B67A4F /* MatchScoreResponseDTO.swift */ = {isa = PBXFileReference; lastKnownFileType = sourcecode.swift; path = MatchScoreResponseDTO.swift; sourceTree = "<group>"; };
		8ABA2A462DA4ADDF00B67A4F /* MatchMemoRequestDTO.swift */ = {isa = PBXFileReference; lastKnownFileType = sourcecode.swift; path = MatchMemoRequestDTO.swift; sourceTree = "<group>"; };
		8ABA2A482DA4AEA100B67A4F /* MatchMemoResponseDTO.swift */ = {isa = PBXFileReference; lastKnownFileType = sourcecode.swift; path = MatchMemoResponseDTO.swift; sourceTree = "<group>"; };
		8ABFCCB42DB0839A00B183FA /* ImagePicker.swift */ = {isa = PBXFileReference; lastKnownFileType = sourcecode.swift; path = ImagePicker.swift; sourceTree = "<group>"; };
		8AC71AE72DA3591C0088E898 /* TeamMemberDTO.swift */ = {isa = PBXFileReference; lastKnownFileType = sourcecode.swift; path = TeamMemberDTO.swift; sourceTree = "<group>"; };
		8AC71AE92DA359500088E898 /* TeamMember.swift */ = {isa = PBXFileReference; lastKnownFileType = sourcecode.swift; path = TeamMember.swift; sourceTree = "<group>"; };
		8AC71AEB2DA393310088E898 /* TeamMatchRecordDTO.swift */ = {isa = PBXFileReference; lastKnownFileType = sourcecode.swift; path = TeamMatchRecordDTO.swift; sourceTree = "<group>"; };
		8AC71AED2DA394D70088E898 /* TeamMatchRecord.swift */ = {isa = PBXFileReference; lastKnownFileType = sourcecode.swift; path = TeamMatchRecord.swift; sourceTree = "<group>"; };
		8AC71AEF2DA3A9DA0088E898 /* RoleDTO.swift */ = {isa = PBXFileReference; lastKnownFileType = sourcecode.swift; path = RoleDTO.swift; sourceTree = "<group>"; };
		8AC71AF12DA3AB4A0088E898 /* MemberStatusDTO.swift */ = {isa = PBXFileReference; lastKnownFileType = sourcecode.swift; path = MemberStatusDTO.swift; sourceTree = "<group>"; };
		8AC71AF32DA3B8CD0088E898 /* MatchMemberResponseDTO.swift */ = {isa = PBXFileReference; lastKnownFileType = sourcecode.swift; path = MatchMemberResponseDTO.swift; sourceTree = "<group>"; };
		8AC71AF52DA3B9740088E898 /* MatchMemberResponse.swift */ = {isa = PBXFileReference; lastKnownFileType = sourcecode.swift; path = MatchMemberResponse.swift; sourceTree = "<group>"; };
		8AC8D1C92DAF3F94005FA2E9 /* CalendarView.swift */ = {isa = PBXFileReference; lastKnownFileType = sourcecode.swift; path = CalendarView.swift; sourceTree = "<group>"; };
		8AC8D1CD2DAF6A28005FA2E9 /* calendar_icon.pdf */ = {isa = PBXFileReference; lastKnownFileType = image.pdf; path = calendar_icon.pdf; sourceTree = "<group>"; };
		8AC8D1CF2DAF7D70005FA2E9 /* profile_title_icon.pdf */ = {isa = PBXFileReference; lastKnownFileType = image.pdf; path = profile_title_icon.pdf; sourceTree = "<group>"; };
		8AC8D1D12DAF8073005FA2E9 /* add_image_icon.pdf */ = {isa = PBXFileReference; lastKnownFileType = image.pdf; path = add_image_icon.pdf; sourceTree = "<group>"; };
		8AC8D1D22DAF8073005FA2E9 /* default_profile_img.pdf */ = {isa = PBXFileReference; lastKnownFileType = image.pdf; path = default_profile_img.pdf; sourceTree = "<group>"; };
		8ACC68DF2D915677001D49C0 /* LoginRequestDTO.swift */ = {isa = PBXFileReference; lastKnownFileType = sourcecode.swift; path = LoginRequestDTO.swift; sourceTree = "<group>"; };
		8ACC68E42D915822001D49C0 /* LoginRequest.swift */ = {isa = PBXFileReference; lastKnownFileType = sourcecode.swift; path = LoginRequest.swift; sourceTree = "<group>"; };
		8ADFA17C2DA60BA90098E1D5 /* VoteEndpoint.swift */ = {isa = PBXFileReference; lastKnownFileType = sourcecode.swift; path = VoteEndpoint.swift; sourceTree = "<group>"; };
		8ADFA17E2DA62A250098E1D5 /* CommentEndpoint.swift */ = {isa = PBXFileReference; lastKnownFileType = sourcecode.swift; path = CommentEndpoint.swift; sourceTree = "<group>"; };
		8ADFA1822DA633920098E1D5 /* CommentResponseDTO.swift */ = {isa = PBXFileReference; lastKnownFileType = sourcecode.swift; path = CommentResponseDTO.swift; sourceTree = "<group>"; };
		8AEFAF4D2D938DDB00003B36 /* RootView.swift */ = {isa = PBXFileReference; lastKnownFileType = sourcecode.swift; path = RootView.swift; sourceTree = "<group>"; };
		8AEFAF4F2D93926D00003B36 /* UserEndpoint.swift */ = {isa = PBXFileReference; lastKnownFileType = sourcecode.swift; path = UserEndpoint.swift; sourceTree = "<group>"; };
		8AEFAF542D9392E600003B36 /* SignUpRequest.swift */ = {isa = PBXFileReference; lastKnownFileType = sourcecode.swift; path = SignUpRequest.swift; sourceTree = "<group>"; };
		8AEFAF5C2D93930400003B36 /* SignUpRequestDTO.swift */ = {isa = PBXFileReference; lastKnownFileType = sourcecode.swift; path = SignUpRequestDTO.swift; sourceTree = "<group>"; };
		8AEFAF6B2D93F02700003B36 /* TeamEndpoint.swift */ = {isa = PBXFileReference; lastKnownFileType = sourcecode.swift; path = TeamEndpoint.swift; sourceTree = "<group>"; };
		D61F05F72DB34439002483D7 /* ImageEditorView.swift */ = {isa = PBXFileReference; lastKnownFileType = sourcecode.swift; path = ImageEditorView.swift; sourceTree = "<group>"; };
		D61F05F82DB34439002483D7 /* SignUpPage.swift */ = {isa = PBXFileReference; lastKnownFileType = sourcecode.swift; path = SignUpPage.swift; sourceTree = "<group>"; };
		D61F05F92DB34439002483D7 /* SignUpView.swift */ = {isa = PBXFileReference; lastKnownFileType = sourcecode.swift; path = SignUpView.swift; sourceTree = "<group>"; };
		D61F05FA2DB34439002483D7 /* TermDetailView.swift */ = {isa = PBXFileReference; lastKnownFileType = sourcecode.swift; path = TermDetailView.swift; sourceTree = "<group>"; };
		D61F05FB2DB34439002483D7 /* TermView.swift */ = {isa = PBXFileReference; lastKnownFileType = sourcecode.swift; path = TermView.swift; sourceTree = "<group>"; };
		D61F06022DB346E2002483D7 /* join_team_img.pdf */ = {isa = PBXFileReference; lastKnownFileType = image.pdf; path = join_team_img.pdf; sourceTree = "<group>"; };
		D61F06032DB346E2002483D7 /* make_team_img.pdf */ = {isa = PBXFileReference; lastKnownFileType = image.pdf; path = make_team_img.pdf; sourceTree = "<group>"; };
		D61F06062DB3479C002483D7 /* HomePage.swift */ = {isa = PBXFileReference; lastKnownFileType = sourcecode.swift; path = HomePage.swift; sourceTree = "<group>"; };
		D61F06082DB347A4002483D7 /* NoTeamPage.swift */ = {isa = PBXFileReference; lastKnownFileType = sourcecode.swift; path = NoTeamPage.swift; sourceTree = "<group>"; };
		D61F060A2DB34F48002483D7 /* MakeTeamPage.swift */ = {isa = PBXFileReference; lastKnownFileType = sourcecode.swift; path = MakeTeamPage.swift; sourceTree = "<group>"; };
		D61F060C2DB35078002483D7 /* TeamFeature.swift */ = {isa = PBXFileReference; lastKnownFileType = sourcecode.swift; path = TeamFeature.swift; sourceTree = "<group>"; };
		D61F060E2DB37E63002483D7 /* SplashView.swift */ = {isa = PBXFileReference; lastKnownFileType = sourcecode.swift; path = SplashView.swift; sourceTree = "<group>"; };
		D61F06122DB416DB002483D7 /* main_ios.png */ = {isa = PBXFileReference; lastKnownFileType = image.png; path = main_ios.png; sourceTree = "<group>"; };
		D61F06142DB419EF002483D7 /* LoadingView.swift */ = {isa = PBXFileReference; lastKnownFileType = sourcecode.swift; path = LoadingView.swift; sourceTree = "<group>"; };
		D61F06162DB41B6F002483D7 /* default_team_logo.pdf */ = {isa = PBXFileReference; lastKnownFileType = image.pdf; path = default_team_logo.pdf; sourceTree = "<group>"; };
		D61F06182DB465F8002483D7 /* FindTeamPage.swift */ = {isa = PBXFileReference; lastKnownFileType = sourcecode.swift; path = FindTeamPage.swift; sourceTree = "<group>"; };
		D61F061A2DB466BC002483D7 /* search_icon.pdf */ = {isa = PBXFileReference; lastKnownFileType = image.pdf; path = search_icon.pdf; sourceTree = "<group>"; };
		D61F061C2DB466E6002483D7 /* list_profile_icon.pdf */ = {isa = PBXFileReference; lastKnownFileType = image.pdf; path = list_profile_icon.pdf; sourceTree = "<group>"; };
		D61F061E2DB47B63002483D7 /* search_empty_img.pdf */ = {isa = PBXFileReference; lastKnownFileType = image.pdf; path = search_empty_img.pdf; sourceTree = "<group>"; };
		D61F06202DB48781002483D7 /* AppFeature.swift */ = {isa = PBXFileReference; lastKnownFileType = sourcecode.swift; path = AppFeature.swift; sourceTree = "<group>"; };
		D61F06222DB48799002483D7 /* MainFeature.swift */ = {isa = PBXFileReference; lastKnownFileType = sourcecode.swift; path = MainFeature.swift; sourceTree = "<group>"; };
		D61F06242DB489EA002483D7 /* NoTeamFeature.swift */ = {isa = PBXFileReference; lastKnownFileType = sourcecode.swift; path = NoTeamFeature.swift; sourceTree = "<group>"; };
		D61F06262DB494C8002483D7 /* MakeTeamFeature.swift */ = {isa = PBXFileReference; lastKnownFileType = sourcecode.swift; path = MakeTeamFeature.swift; sourceTree = "<group>"; };
		D61F06282DB494DA002483D7 /* FindTeamFeature.swift */ = {isa = PBXFileReference; lastKnownFileType = sourcecode.swift; path = FindTeamFeature.swift; sourceTree = "<group>"; };
		D61F062A2DB4AA0F002483D7 /* MainView.swift */ = {isa = PBXFileReference; lastKnownFileType = sourcecode.swift; path = MainView.swift; sourceTree = "<group>"; };
		D61F062C2DB4AAAE002483D7 /* setting_icon.pdf */ = {isa = PBXFileReference; lastKnownFileType = image.pdf; path = setting_icon.pdf; sourceTree = "<group>"; };
		D61F062E2DB4AB2E002483D7 /* my_info_icon.pdf */ = {isa = PBXFileReference; lastKnownFileType = image.pdf; path = my_info_icon.pdf; sourceTree = "<group>"; };
		D61F062F2DB4AB2E002483D7 /* record_tab_img.pdf */ = {isa = PBXFileReference; lastKnownFileType = image.pdf; path = record_tab_img.pdf; sourceTree = "<group>"; };
		D61F06302DB4AB2E002483D7 /* team_info_icon.pdf */ = {isa = PBXFileReference; lastKnownFileType = image.pdf; path = team_info_icon.pdf; sourceTree = "<group>"; };
		D61F06342DB4AC93002483D7 /* badge_admin_icon.pdf */ = {isa = PBXFileReference; lastKnownFileType = image.pdf; path = badge_admin_icon.pdf; sourceTree = "<group>"; };
		D61F06352DB4AC93002483D7 /* badge_sub_icon.pdf */ = {isa = PBXFileReference; lastKnownFileType = image.pdf; path = badge_sub_icon.pdf; sourceTree = "<group>"; };
		D61F06382DB4E084002483D7 /* CreateMatchFeature.swift */ = {isa = PBXFileReference; lastKnownFileType = sourcecode.swift; path = CreateMatchFeature.swift; sourceTree = "<group>"; };
		D61F063A2DB4E0A3002483D7 /* CreateMatchView.swift */ = {isa = PBXFileReference; lastKnownFileType = sourcecode.swift; path = CreateMatchView.swift; sourceTree = "<group>"; };
/* End PBXFileReference section */

/* Begin PBXFrameworksBuildPhase section */
		8A3E22A72D8B89DB00EA1646 /* Frameworks */ = {
			isa = PBXFrameworksBuildPhase;
			buildActionMask = 2147483647;
			files = (
				8A28612E2DCB1752009F89AC /* SDWebImageSwiftUI in Frameworks */,
				8ABFCCB82DB0B47600B183FA /* Mantis in Frameworks */,
				8A79A9A22D927742005D7BD5 /* KeychainSwift in Frameworks */,
				8A3E22DF2D8BA42E00EA1646 /* FirebaseMessaging in Frameworks */,
				8A3E22D82D8BA3CD00EA1646 /* RxMoya in Frameworks */,
				8A3E22DB2D8BA42E00EA1646 /* FirebaseAuth in Frameworks */,
				8A3E22D22D8BA3CD00EA1646 /* CombineMoya in Frameworks */,
				8ABFCCBB2DB0BD0200B183FA /* Lottie in Frameworks */,
				8A3E22DD2D8BA42E00EA1646 /* FirebaseCrashlytics in Frameworks */,
				8A3E22D62D8BA3CD00EA1646 /* ReactiveMoya in Frameworks */,
				8A3E22CF2D8BA3A600EA1646 /* ComposableArchitecture in Frameworks */,
				8A3E22D42D8BA3CD00EA1646 /* Moya in Frameworks */,
			);
			runOnlyForDeploymentPostprocessing = 0;
		};
/* End PBXFrameworksBuildPhase section */

/* Begin PBXGroup section */
		8A04BCBA2D9B7E450016A0C5 /* Match */ = {
			isa = PBXGroup;
			children = (
				8A04BCBB2D9B7E5B0016A0C5 /* MatchResponseElementDTO.swift */,
				8A04BCC32D9B9C050016A0C5 /* MatchMakeRequestDTO.swift */,
				8A04BCCD2D9BA0040016A0C5 /* MatchResponseDTO.swift */,
				8AC71AF32DA3B8CD0088E898 /* MatchMemberResponseDTO.swift */,
				8ABA2A422DA4A4CE00B67A4F /* MatchScoreRequestDTO.swift */,
				8ABA2A442DA4A58A00B67A4F /* MatchScoreResponseDTO.swift */,
				8ABA2A462DA4ADDF00B67A4F /* MatchMemoRequestDTO.swift */,
				8ABA2A482DA4AEA100B67A4F /* MatchMemoResponseDTO.swift */,
			);
			path = Match;
			sourceTree = "<group>";
		};
		8A04BCBE2D9B9ABA0016A0C5 /* Match */ = {
			isa = PBXGroup;
			children = (
				8A04BCBF2D9B9AF60016A0C5 /* MatchResponseElement.swift */,
				8A04BCC52D9B9D7F0016A0C5 /* MatchMakeRequest.swift */,
				8A04BCCB2D9B9FFA0016A0C5 /* MatchResponse.swift */,
				8AC71AF52DA3B9740088E898 /* MatchMemberResponse.swift */,
			);
			path = Match;
			sourceTree = "<group>";
		};
		8A04BCD02D9BC2E60016A0C5 /* Setting */ = {
			isa = PBXGroup;
			children = (
				8A04BCD42D9BC3DF0016A0C5 /* MyInfoResponse.swift */,
			);
			path = Setting;
			sourceTree = "<group>";
		};
		8A04BCD12D9BC2F00016A0C5 /* Setting */ = {
			isa = PBXGroup;
			children = (
				8A04BCD22D9BC3260016A0C5 /* MyInfoResponseDTO.swift */,
			);
			path = Setting;
			sourceTree = "<group>";
		};
		8A2861242DCB0BF1009F89AC /* Utilities */ = {
			isa = PBXGroup;
			children = (
			);
			path = Utilities;
			sourceTree = "<group>";
		};
		8A3E22A12D8B89DB00EA1646 = {
			isa = PBXGroup;
			children = (
				8A3E23042D8BA56000EA1646 /* FutsalGG */,
				8A3E22AB2D8B89DB00EA1646 /* Products */,
			);
			sourceTree = "<group>";
		};
		8A3E22AB2D8B89DB00EA1646 /* Products */ = {
			isa = PBXGroup;
			children = (
				8A3E22AA2D8B89DB00EA1646 /* FutsalGG.app */,
			);
			name = Products;
			sourceTree = "<group>";
		};
		8A3E22FF2D8BA56000EA1646 /* Fonts */ = {
			isa = PBXGroup;
			children = (
				8A3E22F62D8BA56000EA1646 /* Pretendard-Black.otf */,
				8A3E22F72D8BA56000EA1646 /* Pretendard-Bold.otf */,
				8A3E22F82D8BA56000EA1646 /* Pretendard-ExtraBold.otf */,
				8A3E22F92D8BA56000EA1646 /* Pretendard-ExtraLight.otf */,
				8A3E22FA2D8BA56000EA1646 /* Pretendard-Light.otf */,
				8A3E22FB2D8BA56000EA1646 /* Pretendard-Medium.otf */,
				8A3E22FC2D8BA56000EA1646 /* Pretendard-Regular.otf */,
				8A3E22FD2D8BA56000EA1646 /* Pretendard-SemiBold.otf */,
				8A3E22FE2D8BA56000EA1646 /* Pretendard-Thin.otf */,
			);
			path = Fonts;
			sourceTree = "<group>";
		};
		8A3E23002D8BA56000EA1646 /* Resources */ = {
			isa = PBXGroup;
			children = (
				8A3E23012D8BA56000EA1646 /* Assets.xcassets */,
				8AEFAF682D93E2FE00003B36 /* Images */,
				8A3E22FF2D8BA56000EA1646 /* Fonts */,
			);
			path = Resources;
			sourceTree = "<group>";
		};
		8A3E23042D8BA56000EA1646 /* FutsalGG */ = {
			isa = PBXGroup;
			children = (
				8A821E122D9636CC00168D69 /* GoogleService-Info.plist */,
				8A3E231A2D8BA7F800EA1646 /* Info.plist */,
				8A3E23032D8BA56000EA1646 /* FutsalGGApp.swift */,
				8A79A9632D925A06005D7BD5 /* AppConstant.swift */,
				8A3E23132D8BA59100EA1646 /* Presentation */,
				8A3E23192D8BA60500EA1646 /* Domain */,
				8A3E23182D8BA60500EA1646 /* Data */,
				8A3E23172D8BA60500EA1646 /* Utilities */,
				8A3E231C2D8BA8D200EA1646 /* Extensions */,
				8A3E23002D8BA56000EA1646 /* Resources */,
				8A3E23282D8CEAA100EA1646 /* Preview Content */,
			);
			path = FutsalGG;
			sourceTree = "<group>";
		};
		8A3E23132D8BA59100EA1646 /* Presentation */ = {
			isa = PBXGroup;
			children = (
				8A2861242DCB0BF1009F89AC /* Utilities */,
				8AEFAF4D2D938DDB00003B36 /* RootView.swift */,
				8A6015F02DADF42A001C8445 /* Common */,
				D61F05F52DB34405002483D7 /* Main */,
				8A3E23212D8CE59700EA1646 /* Login */,
				D61F05FC2DB34439002483D7 /* SignUp */,
			);
			path = Presentation;
			sourceTree = "<group>";
		};
		8A3E23172D8BA60500EA1646 /* Utilities */ = {
			isa = PBXGroup;
			children = (
				8ABA1ADA2DADDD2B002223F0 /* Common */,
				8A79A9952D926917005D7BD5 /* Network */,
				8A79A9852D92604E005D7BD5 /* Preference */,
			);
			path = Utilities;
			sourceTree = "<group>";
		};
		8A3E23182D8BA60500EA1646 /* Data */ = {
			isa = PBXGroup;
			children = (
				8A79A99A2D92691B005D7BD5 /* Network */,
				8ACC68DE2D91566D001D49C0 /* DTOs */,
			);
			path = Data;
			sourceTree = "<group>";
		};
		8A3E23192D8BA60500EA1646 /* Domain */ = {
			isa = PBXGroup;
			children = (
				8A763DBC2DB2205F003AFB58 /* Features */,
				8ACC68E52D915822001D49C0 /* Entites */,
			);
			path = Domain;
			sourceTree = "<group>";
		};
		8A3E231C2D8BA8D200EA1646 /* Extensions */ = {
			isa = PBXGroup;
			children = (
				8A3E23232D8CE81A00EA1646 /* Color+Extension.swift */,
				8A3E23252D8CE82500EA1646 /* View+Extension.swift */,
			);
			path = Extensions;
			sourceTree = "<group>";
		};
		8A3E23212D8CE59700EA1646 /* Login */ = {
			isa = PBXGroup;
			children = (
				8A3E23202D8CE59700EA1646 /* LoginPage.swift */,
			);
			path = Login;
			sourceTree = "<group>";
		};
		8A3E23282D8CEAA100EA1646 /* Preview Content */ = {
			isa = PBXGroup;
			children = (
				8A3E23292D8CEACA00EA1646 /* Contents.json */,
				8A84BBA42D8CECA800942D94 /* Preview Assets.xcassets */,
			);
			path = "Preview Content";
			sourceTree = "<group>";
		};
		8A6015F02DADF42A001C8445 /* Common */ = {
			isa = PBXGroup;
			children = (
				D61F060E2DB37E63002483D7 /* SplashView.swift */,
				8A6015EF2DADF42A001C8445 /* DepthHeader.swift */,
				8AC8D1C92DAF3F94005FA2E9 /* CalendarView.swift */,
				8ABFCCB42DB0839A00B183FA /* ImagePicker.swift */,
				D61F06142DB419EF002483D7 /* LoadingView.swift */,
				8A2861252DCB1370009F89AC /* SearchSelectView.swift */,
			);
			path = Common;
			sourceTree = "<group>";
		};
		8A763DBC2DB2205F003AFB58 /* Features */ = {
			isa = PBXGroup;
			children = (
				8A763DB92DB2205F003AFB58 /* LoginFeature.swift */,
				8A763DBA2DB2205F003AFB58 /* SignUpFeature.swift */,
				8A763DBB2DB2205F003AFB58 /* TermFeature.swift */,
				D61F060C2DB35078002483D7 /* TeamFeature.swift */,
				D61F06202DB48781002483D7 /* AppFeature.swift */,
				D61F06222DB48799002483D7 /* MainFeature.swift */,
				D61F06242DB489EA002483D7 /* NoTeamFeature.swift */,
				D61F06262DB494C8002483D7 /* MakeTeamFeature.swift */,
				D61F06282DB494DA002483D7 /* FindTeamFeature.swift */,
				D61F06382DB4E084002483D7 /* CreateMatchFeature.swift */,
			);
			path = Features;
			sourceTree = "<group>";
		};
		8A79A9692D925A6D005D7BD5 /* Token */ = {
			isa = PBXGroup;
			children = (
				8A79A9682D925A6D005D7BD5 /* TokenRefreshResponseDTO.swift */,
			);
			path = Token;
			sourceTree = "<group>";
		};
		8A79A96C2D925A93005D7BD5 /* Login */ = {
			isa = PBXGroup;
			children = (
				8ACC68E42D915822001D49C0 /* LoginRequest.swift */,
				8A79A95F2D924320005D7BD5 /* LoginResponse.swift */,
			);
			path = Login;
			sourceTree = "<group>";
		};
		8A79A9712D925B5D005D7BD5 /* Token */ = {
			isa = PBXGroup;
			children = (
				8A79A9702D925B5D005D7BD5 /* TokenRefreshResponse.swift */,
			);
			path = Token;
			sourceTree = "<group>";
		};
		8A79A9852D92604E005D7BD5 /* Preference */ = {
			isa = PBXGroup;
			children = (
				8A79A99E2D9276B6005D7BD5 /* PreferenceManager.swift */,
			);
			path = Preference;
			sourceTree = "<group>";
		};
		8A79A9952D926917005D7BD5 /* Network */ = {
			isa = PBXGroup;
			children = (
				8A79A9942D926917005D7BD5 /* NetworkService.swift */,
				8A79A99C2D927685005D7BD5 /* TokenManager.swift */,
				8A79A9A52D927E61005D7BD5 /* NetworkError.swift */,
			);
			path = Network;
			sourceTree = "<group>";
		};
		8A79A9992D92691B005D7BD5 /* Endpoints */ = {
			isa = PBXGroup;
			children = (
				8A79A9A32D927E33005D7BD5 /* APIEndpoint.swift */,
				8A79A9982D92691B005D7BD5 /* AuthEndpoint.swift */,
				8AEFAF4F2D93926D00003B36 /* UserEndpoint.swift */,
				8AEFAF6B2D93F02700003B36 /* TeamEndpoint.swift */,
				8A04BCB72D9B79A80016A0C5 /* MatchEndpoint.swift */,
				8ADFA17C2DA60BA90098E1D5 /* VoteEndpoint.swift */,
				8ADFA17E2DA62A250098E1D5 /* CommentEndpoint.swift */,
			);
			path = Endpoints;
			sourceTree = "<group>";
		};
		8A79A99A2D92691B005D7BD5 /* Network */ = {
			isa = PBXGroup;
			children = (
				8A79A9992D92691B005D7BD5 /* Endpoints */,
			);
			path = Network;
			sourceTree = "<group>";
		};
		8A7B73932D92401E00A65ED9 /* Login */ = {
			isa = PBXGroup;
			children = (
				8ACC68DF2D915677001D49C0 /* LoginRequestDTO.swift */,
				8A79A9612D924356005D7BD5 /* LoginResponseDTO.swift */,
			);
			path = Login;
			sourceTree = "<group>";
		};
		8A821E1A2D96556A00168D69 /* Common */ = {
			isa = PBXGroup;
			children = (
				8A821E192D96556A00168D69 /* ImageUploadURLResponse.swift */,
				8A821E262D96845800168D69 /* MainResponse.swift */,
			);
			path = Common;
			sourceTree = "<group>";
		};
		8A821E1E2D96557900168D69 /* Common */ = {
			isa = PBXGroup;
			children = (
				8A821E1D2D96557900168D69 /* ImageUploadURLResponseDTO.swift */,
				8A821E242D96839A00168D69 /* MainResponseDTO.swift */,
			);
			path = Common;
			sourceTree = "<group>";
		};
		8ABA1ADA2DADDD2B002223F0 /* Common */ = {
			isa = PBXGroup;
			children = (
				8ABA1AD92DADDD2B002223F0 /* MimeTyper.swift */,
			);
			path = Common;
			sourceTree = "<group>";
		};
		8ABA1AE62DADE16A002223F0 /* Login */ = {
			isa = PBXGroup;
			children = (
				8AC8D1D12DAF8073005FA2E9 /* add_image_icon.pdf */,
				8AC8D1D22DAF8073005FA2E9 /* default_profile_img.pdf */,
				8AC8D1CF2DAF7D70005FA2E9 /* profile_title_icon.pdf */,
				8AC8D1CD2DAF6A28005FA2E9 /* calendar_icon.pdf */,
				8A6015FD2DAE41C3001C8445 /* arrow_term_icon.pdf */,
				8A6015F92DAE4062001C8445 /* checkbox_off.pdf */,
				8A6015FA2DAE4062001C8445 /* checkbox_on.pdf */,
				8A6015F22DADF44E001C8445 /* back_icon.pdf */,
				8A6015E72DADE960001C8445 /* login_background.pdf */,
			);
			path = Login;
			sourceTree = "<group>";
		};
		8ACC68DE2D91566D001D49C0 /* DTOs */ = {
			isa = PBXGroup;
			children = (
				8A821E1E2D96557900168D69 /* Common */,
				8AEFAF6E2D93F07E00003B36 /* Team */,
				8AEFAF5D2D93930400003B36 /* SignUp */,
				8A7B73932D92401E00A65ED9 /* Login */,
				8A79A9692D925A6D005D7BD5 /* Token */,
				8A04BCBA2D9B7E450016A0C5 /* Match */,
				8A04BCD12D9BC2F00016A0C5 /* Setting */,
				8ADFA1812DA6336E0098E1D5 /* Comment */,
			);
			path = DTOs;
			sourceTree = "<group>";
		};
		8ACC68E52D915822001D49C0 /* Entites */ = {
			isa = PBXGroup;
			children = (
				8A821E1A2D96556A00168D69 /* Common */,
				8AEFAF722D93F0FD00003B36 /* Team */,
				8AEFAF552D9392E600003B36 /* SignUp */,
				8A79A96C2D925A93005D7BD5 /* Login */,
				8A79A9712D925B5D005D7BD5 /* Token */,
				8A04BCBE2D9B9ABA0016A0C5 /* Match */,
				8A04BCD02D9BC2E60016A0C5 /* Setting */,
			);
			path = Entites;
			sourceTree = "<group>";
		};
		8ADFA1812DA6336E0098E1D5 /* Comment */ = {
			isa = PBXGroup;
			children = (
				8ADFA1822DA633920098E1D5 /* CommentResponseDTO.swift */,
			);
			path = Comment;
			sourceTree = "<group>";
		};
		8AEFAF552D9392E600003B36 /* SignUp */ = {
			isa = PBXGroup;
			children = (
				8AEFAF542D9392E600003B36 /* SignUpRequest.swift */,
			);
			path = SignUp;
			sourceTree = "<group>";
		};
		8AEFAF5D2D93930400003B36 /* SignUp */ = {
			isa = PBXGroup;
			children = (
				8AEFAF5C2D93930400003B36 /* SignUpRequestDTO.swift */,
			);
			path = SignUp;
			sourceTree = "<group>";
		};
		8AEFAF672D93E2FE00003B36 /* Logo */ = {
			isa = PBXGroup;
			children = (
				8ABA1AE62DADE16A002223F0 /* Login */,
			);
			path = Logo;
			sourceTree = "<group>";
		};
		8AEFAF682D93E2FE00003B36 /* Images */ = {
			isa = PBXGroup;
			children = (
				D61F06342DB4AC93002483D7 /* badge_admin_icon.pdf */,
				D61F06352DB4AC93002483D7 /* badge_sub_icon.pdf */,
				D61F062E2DB4AB2E002483D7 /* my_info_icon.pdf */,
				D61F062F2DB4AB2E002483D7 /* record_tab_img.pdf */,
				D61F06302DB4AB2E002483D7 /* team_info_icon.pdf */,
				D61F062C2DB4AAAE002483D7 /* setting_icon.pdf */,
				D61F061C2DB466E6002483D7 /* list_profile_icon.pdf */,
				D61F06162DB41B6F002483D7 /* default_team_logo.pdf */,
				D61F06022DB346E2002483D7 /* join_team_img.pdf */,
				D61F06032DB346E2002483D7 /* make_team_img.pdf */,
				8AEFAF672D93E2FE00003B36 /* Logo */,
				D61F061E2DB47B63002483D7 /* search_empty_img.pdf */,
				D61F061A2DB466BC002483D7 /* search_icon.pdf */,
				D61F06122DB416DB002483D7 /* main_ios.png */,
			);
			path = Images;
			sourceTree = "<group>";
		};
		8AEFAF6E2D93F07E00003B36 /* Team */ = {
			isa = PBXGroup;
			children = (
				8A821E142D964D7800168D69 /* TeamMakeRequestDTO.swift */,
				8A821E202D96616D00168D69 /* TeamSearchResponseDTO.swift */,
				8AC71AE72DA3591C0088E898 /* TeamMemberDTO.swift */,
				8AC71AEB2DA393310088E898 /* TeamMatchRecordDTO.swift */,
				8AC71AEF2DA3A9DA0088E898 /* RoleDTO.swift */,
				8AC71AF12DA3AB4A0088E898 /* MemberStatusDTO.swift */,
			);
			path = Team;
			sourceTree = "<group>";
		};
		8AEFAF722D93F0FD00003B36 /* Team */ = {
			isa = PBXGroup;
			children = (
				8A821E162D964D9A00168D69 /* TeamMakeRequest.swift */,
				8A821E222D9661C300168D69 /* TeamSearchResponse.swift */,
				8AC71AE92DA359500088E898 /* TeamMember.swift */,
				8AC71AED2DA394D70088E898 /* TeamMatchRecord.swift */,
			);
			path = Team;
			sourceTree = "<group>";
		};
		D61F05F52DB34405002483D7 /* Main */ = {
			isa = PBXGroup;
			children = (
				8A763DC22DB2210F003AFB58 /* MainPage.swift */,
				D61F06062DB3479C002483D7 /* HomePage.swift */,
				D61F06082DB347A4002483D7 /* NoTeamPage.swift */,
				D61F060A2DB34F48002483D7 /* MakeTeamPage.swift */,
				D61F06182DB465F8002483D7 /* FindTeamPage.swift */,
				D61F062A2DB4AA0F002483D7 /* MainView.swift */,
				D61F063A2DB4E0A3002483D7 /* CreateMatchView.swift */,
			);
			path = Main;
			sourceTree = "<group>";
		};
		D61F05FC2DB34439002483D7 /* SignUp */ = {
			isa = PBXGroup;
			children = (
				D61F05F72DB34439002483D7 /* ImageEditorView.swift */,
				D61F05F82DB34439002483D7 /* SignUpPage.swift */,
				D61F05F92DB34439002483D7 /* SignUpView.swift */,
				D61F05FA2DB34439002483D7 /* TermDetailView.swift */,
				D61F05FB2DB34439002483D7 /* TermView.swift */,
			);
			path = SignUp;
			sourceTree = "<group>";
		};
/* End PBXGroup section */

/* Begin PBXNativeTarget section */
		8A3E22A92D8B89DB00EA1646 /* FutsalGG */ = {
			isa = PBXNativeTarget;
			buildConfigurationList = 8A3E22B82D8B89DC00EA1646 /* Build configuration list for PBXNativeTarget "FutsalGG" */;
			buildPhases = (
				8A3E22A62D8B89DB00EA1646 /* Sources */,
				8A3E22A72D8B89DB00EA1646 /* Frameworks */,
				8A3E22A82D8B89DB00EA1646 /* Resources */,
			);
			buildRules = (
			);
			dependencies = (
			);
			name = FutsalGG;
			packageProductDependencies = (
				8A3E22CE2D8BA3A600EA1646 /* ComposableArchitecture */,
				8A3E22D12D8BA3CD00EA1646 /* CombineMoya */,
				8A3E22D32D8BA3CD00EA1646 /* Moya */,
				8A3E22D52D8BA3CD00EA1646 /* ReactiveMoya */,
				8A3E22D72D8BA3CD00EA1646 /* RxMoya */,
				8A3E22DA2D8BA42E00EA1646 /* FirebaseAuth */,
				8A3E22DC2D8BA42E00EA1646 /* FirebaseCrashlytics */,
				8A3E22DE2D8BA42E00EA1646 /* FirebaseMessaging */,
				8A79A9A12D927742005D7BD5 /* KeychainSwift */,
				8ABFCCB72DB0B47600B183FA /* Mantis */,
				8ABFCCBA2DB0BD0200B183FA /* Lottie */,
				8A28612D2DCB1752009F89AC /* SDWebImageSwiftUI */,
			);
			productName = FutsalGG;
			productReference = 8A3E22AA2D8B89DB00EA1646 /* FutsalGG.app */;
			productType = "com.apple.product-type.application";
		};
/* End PBXNativeTarget section */

/* Begin PBXProject section */
		8A3E22A22D8B89DB00EA1646 /* Project object */ = {
			isa = PBXProject;
			attributes = {
				BuildIndependentTargetsInParallel = 1;
				LastSwiftUpdateCheck = 1620;
				LastUpgradeCheck = 1630;
				TargetAttributes = {
					8A3E22A92D8B89DB00EA1646 = {
						CreatedOnToolsVersion = 16.2;
					};
				};
			};
			buildConfigurationList = 8A3E22A52D8B89DB00EA1646 /* Build configuration list for PBXProject "FutsalGG" */;
			developmentRegion = ko;
			hasScannedForEncodings = 0;
			knownRegions = (
				Base,
				ko,
			);
			mainGroup = 8A3E22A12D8B89DB00EA1646;
			minimizedProjectReferenceProxies = 1;
			packageReferences = (
				8A3E22CD2D8BA3A600EA1646 /* XCRemoteSwiftPackageReference "swift-composable-architecture" */,
				8A3E22D02D8BA3CD00EA1646 /* XCRemoteSwiftPackageReference "Moya" */,
				8A3E22D92D8BA42E00EA1646 /* XCRemoteSwiftPackageReference "firebase-ios-sdk" */,
				8A79A9A02D927742005D7BD5 /* XCRemoteSwiftPackageReference "keychain-swift" */,
				8ABFCCB62DB0B47600B183FA /* XCRemoteSwiftPackageReference "Mantis" */,
				8ABFCCB92DB0BD0200B183FA /* XCRemoteSwiftPackageReference "lottie-spm" */,
				8A28612C2DCB1752009F89AC /* XCRemoteSwiftPackageReference "SDWebImageSwiftUI" */,
			);
			preferredProjectObjectVersion = 77;
			productRefGroup = 8A3E22AB2D8B89DB00EA1646 /* Products */;
			projectDirPath = "";
			projectRoot = "";
			targets = (
				8A3E22A92D8B89DB00EA1646 /* FutsalGG */,
			);
		};
/* End PBXProject section */

/* Begin PBXResourcesBuildPhase section */
		8A3E22A82D8B89DB00EA1646 /* Resources */ = {
			isa = PBXResourcesBuildPhase;
			buildActionMask = 2147483647;
			files = (
				8A3E23082D8BA56000EA1646 /* Pretendard-Black.otf in Resources */,
				8AC8D1D02DAF7D70005FA2E9 /* profile_title_icon.pdf in Resources */,
				8A3E23092D8BA56000EA1646 /* Pretendard-Bold.otf in Resources */,
				8A821E132D9636CC00168D69 /* GoogleService-Info.plist in Resources */,
				8A6015F32DADF44E001C8445 /* back_icon.pdf in Resources */,
				8A3E230A2D8BA56000EA1646 /* Pretendard-ExtraBold.otf in Resources */,
				8A3E230B2D8BA56000EA1646 /* Pretendard-ExtraLight.otf in Resources */,
				8A84BBA52D8CECA800942D94 /* Preview Assets.xcassets in Resources */,
				D61F06132DB416DB002483D7 /* main_ios.png in Resources */,
				D61F061D2DB466E6002483D7 /* list_profile_icon.pdf in Resources */,
				8A6015FB2DAE4062001C8445 /* checkbox_off.pdf in Resources */,
				D61F06362DB4AC93002483D7 /* badge_admin_icon.pdf in Resources */,
				D61F06372DB4AC93002483D7 /* badge_sub_icon.pdf in Resources */,
				8A6015FC2DAE4062001C8445 /* checkbox_on.pdf in Resources */,
				D61F06312DB4AB2E002483D7 /* my_info_icon.pdf in Resources */,
				D61F06322DB4AB2E002483D7 /* record_tab_img.pdf in Resources */,
				D61F06332DB4AB2E002483D7 /* team_info_icon.pdf in Resources */,
				D61F061F2DB47B63002483D7 /* search_empty_img.pdf in Resources */,
				8AC8D1D32DAF8073005FA2E9 /* add_image_icon.pdf in Resources */,
				8AC8D1D42DAF8073005FA2E9 /* default_profile_img.pdf in Resources */,
				8A6015E82DADE960001C8445 /* login_background.pdf in Resources */,
				D61F06172DB41B6F002483D7 /* default_team_logo.pdf in Resources */,
				8A3E230C2D8BA56000EA1646 /* Pretendard-Light.otf in Resources */,
				8A3E230D2D8BA56000EA1646 /* Pretendard-Medium.otf in Resources */,
				8A3E230E2D8BA56000EA1646 /* Pretendard-Regular.otf in Resources */,
				D61F061B2DB466BC002483D7 /* search_icon.pdf in Resources */,
				8A3E230F2D8BA56000EA1646 /* Pretendard-SemiBold.otf in Resources */,
				D61F062D2DB4AAAE002483D7 /* setting_icon.pdf in Resources */,
				8AC8D1CE2DAF6A28005FA2E9 /* calendar_icon.pdf in Resources */,
				8A3E23102D8BA56000EA1646 /* Pretendard-Thin.otf in Resources */,
				D61F06042DB346E2002483D7 /* join_team_img.pdf in Resources */,
				D61F06052DB346E2002483D7 /* make_team_img.pdf in Resources */,
				8A3E232A2D8CEACA00EA1646 /* Contents.json in Resources */,
				8A3E23112D8BA56000EA1646 /* Assets.xcassets in Resources */,
				8A6015FE2DAE41C3001C8445 /* arrow_term_icon.pdf in Resources */,
			);
			runOnlyForDeploymentPostprocessing = 0;
		};
/* End PBXResourcesBuildPhase section */

/* Begin PBXSourcesBuildPhase section */
		8A3E22A62D8B89DB00EA1646 /* Sources */ = {
			isa = PBXSourcesBuildPhase;
			buildActionMask = 2147483647;
			files = (
				8ABA1ADB2DADDD2B002223F0 /* MimeTyper.swift in Sources */,
				D61F06392DB4E084002483D7 /* CreateMatchFeature.swift in Sources */,
				8ADFA17F2DA62A250098E1D5 /* CommentEndpoint.swift in Sources */,
				8AC71AEA2DA359500088E898 /* TeamMember.swift in Sources */,
				8A821E272D96845800168D69 /* MainResponse.swift in Sources */,
				D61F05FD2DB34439002483D7 /* ImageEditorView.swift in Sources */,
				D61F05FE2DB34439002483D7 /* SignUpPage.swift in Sources */,
				D61F05FF2DB34439002483D7 /* SignUpView.swift in Sources */,
				D61F06002DB34439002483D7 /* TermDetailView.swift in Sources */,
				D61F06012DB34439002483D7 /* TermView.swift in Sources */,
				8A79A9722D925B5D005D7BD5 /* TokenRefreshResponse.swift in Sources */,
				8AC71AF22DA3AB4A0088E898 /* MemberStatusDTO.swift in Sources */,
				8A79A9A42D927E33005D7BD5 /* APIEndpoint.swift in Sources */,
				8AEFAF5E2D93930400003B36 /* SignUpRequestDTO.swift in Sources */,
				8A821E172D964D9A00168D69 /* TeamMakeRequest.swift in Sources */,
				8A79A99F2D9276B6005D7BD5 /* PreferenceManager.swift in Sources */,
				8A79A99D2D927685005D7BD5 /* TokenManager.swift in Sources */,
				8A04BCCE2D9BA0040016A0C5 /* MatchResponseDTO.swift in Sources */,
				D61F060F2DB37E63002483D7 /* SplashView.swift in Sources */,
				8AC71AEE2DA394D70088E898 /* TeamMatchRecord.swift in Sources */,
				8AC71AF62DA3B9740088E898 /* MatchMemberResponse.swift in Sources */,
				8ADFA17D2DA60BA90098E1D5 /* VoteEndpoint.swift in Sources */,
				8ACC68E62D915822001D49C0 /* LoginRequest.swift in Sources */,
				8A821E212D96616D00168D69 /* TeamSearchResponseDTO.swift in Sources */,
				D61F063B2DB4E0A3002483D7 /* CreateMatchView.swift in Sources */,
				D61F06292DB494DA002483D7 /* FindTeamFeature.swift in Sources */,
				8A6015F12DADF42A001C8445 /* DepthHeader.swift in Sources */,
				8A79A9642D925A06005D7BD5 /* AppConstant.swift in Sources */,
				8A821E152D964D7800168D69 /* TeamMakeRequestDTO.swift in Sources */,
				D61F060B2DB34F48002483D7 /* MakeTeamPage.swift in Sources */,
				8AC71AE82DA3591C0088E898 /* TeamMemberDTO.swift in Sources */,
				8AEFAF4E2D938DDB00003B36 /* RootView.swift in Sources */,
				D61F06232DB48799002483D7 /* MainFeature.swift in Sources */,
				8A2861262DCB1370009F89AC /* SearchSelectView.swift in Sources */,
				8ABFCCB52DB0839A00B183FA /* ImagePicker.swift in Sources */,
				8A821E1B2D96556A00168D69 /* ImageUploadURLResponse.swift in Sources */,
				8A79A9972D926917005D7BD5 /* NetworkService.swift in Sources */,
				8ACC68E02D915677001D49C0 /* LoginRequestDTO.swift in Sources */,
				8A04BCD52D9BC3DF0016A0C5 /* MyInfoResponse.swift in Sources */,
				8A3E23222D8CE59700EA1646 /* LoginPage.swift in Sources */,
				8AEFAF6C2D93F02700003B36 /* TeamEndpoint.swift in Sources */,
				D61F06212DB48781002483D7 /* AppFeature.swift in Sources */,
				D61F06192DB465F8002483D7 /* FindTeamPage.swift in Sources */,
				8A821E1F2D96557900168D69 /* ImageUploadURLResponseDTO.swift in Sources */,
				8A04BCCC2D9B9FFA0016A0C5 /* MatchResponse.swift in Sources */,
				8A04BCC02D9B9AF60016A0C5 /* MatchResponseElement.swift in Sources */,
				8A821E252D96839A00168D69 /* MainResponseDTO.swift in Sources */,
				8A79A9602D924320005D7BD5 /* LoginResponse.swift in Sources */,
				D61F06272DB494C8002483D7 /* MakeTeamFeature.swift in Sources */,
				8A04BCC42D9B9C050016A0C5 /* MatchMakeRequestDTO.swift in Sources */,
				8A04BCBC2D9B7E5B0016A0C5 /* MatchResponseElementDTO.swift in Sources */,
				8AC71AF42DA3B8CD0088E898 /* MatchMemberResponseDTO.swift in Sources */,
				8A79A9622D924356005D7BD5 /* LoginResponseDTO.swift in Sources */,
				8AC71AEC2DA393310088E898 /* TeamMatchRecordDTO.swift in Sources */,
				D61F06252DB489EA002483D7 /* NoTeamFeature.swift in Sources */,
				8A821E232D9661C300168D69 /* TeamSearchResponse.swift in Sources */,
				8A763DBD2DB2205F003AFB58 /* LoginFeature.swift in Sources */,
				8A763DBE2DB2205F003AFB58 /* SignUpFeature.swift in Sources */,
				8A763DBF2DB2205F003AFB58 /* TermFeature.swift in Sources */,
				8A3E23262D8CE82500EA1646 /* View+Extension.swift in Sources */,
				8A79A99B2D92691B005D7BD5 /* AuthEndpoint.swift in Sources */,
				D61F060D2DB35078002483D7 /* TeamFeature.swift in Sources */,
				8A763DC32DB2210F003AFB58 /* MainPage.swift in Sources */,
				8AEFAF502D93926D00003B36 /* UserEndpoint.swift in Sources */,
				8A04BCC62D9B9D7F0016A0C5 /* MatchMakeRequest.swift in Sources */,
				8A3E23062D8BA56000EA1646 /* FutsalGGApp.swift in Sources */,
				8A04BCB82D9B79A80016A0C5 /* MatchEndpoint.swift in Sources */,
				D61F06092DB347A4002483D7 /* NoTeamPage.swift in Sources */,
				D61F06072DB3479C002483D7 /* HomePage.swift in Sources */,
				8A3E23242D8CE81A00EA1646 /* Color+Extension.swift in Sources */,
				8ABA2A452DA4A58A00B67A4F /* MatchScoreResponseDTO.swift in Sources */,
				8AEFAF562D9392E600003B36 /* SignUpRequest.swift in Sources */,
				8AC8D1CA2DAF3F94005FA2E9 /* CalendarView.swift in Sources */,
				D61F06152DB419EF002483D7 /* LoadingView.swift in Sources */,
				8ADFA1832DA633920098E1D5 /* CommentResponseDTO.swift in Sources */,
				8A79A96A2D925A6D005D7BD5 /* TokenRefreshResponseDTO.swift in Sources */,
				D61F062B2DB4AA0F002483D7 /* MainView.swift in Sources */,
				8AC71AF02DA3A9DA0088E898 /* RoleDTO.swift in Sources */,
				8ABA2A492DA4AEA100B67A4F /* MatchMemoResponseDTO.swift in Sources */,
				8A04BCD32D9BC3260016A0C5 /* MyInfoResponseDTO.swift in Sources */,
				8ABA2A472DA4ADDF00B67A4F /* MatchMemoRequestDTO.swift in Sources */,
				8ABA2A432DA4A4CE00B67A4F /* MatchScoreRequestDTO.swift in Sources */,
				8A79A9A62D927E61005D7BD5 /* NetworkError.swift in Sources */,
			);
			runOnlyForDeploymentPostprocessing = 0;
		};
/* End PBXSourcesBuildPhase section */

/* Begin XCBuildConfiguration section */
		8A3E22B62D8B89DC00EA1646 /* Debug */ = {
			isa = XCBuildConfiguration;
			buildSettings = {
				ALWAYS_SEARCH_USER_PATHS = NO;
				ASSETCATALOG_COMPILER_GENERATE_SWIFT_ASSET_SYMBOL_EXTENSIONS = YES;
				CLANG_ANALYZER_NONNULL = YES;
				CLANG_ANALYZER_NUMBER_OBJECT_CONVERSION = YES_AGGRESSIVE;
				CLANG_CXX_LANGUAGE_STANDARD = "gnu++20";
				CLANG_ENABLE_MODULES = YES;
				CLANG_ENABLE_OBJC_ARC = YES;
				CLANG_ENABLE_OBJC_WEAK = YES;
				CLANG_WARN_BLOCK_CAPTURE_AUTORELEASING = YES;
				CLANG_WARN_BOOL_CONVERSION = YES;
				CLANG_WARN_COMMA = YES;
				CLANG_WARN_CONSTANT_CONVERSION = YES;
				CLANG_WARN_DEPRECATED_OBJC_IMPLEMENTATIONS = YES;
				CLANG_WARN_DIRECT_OBJC_ISA_USAGE = YES_ERROR;
				CLANG_WARN_DOCUMENTATION_COMMENTS = YES;
				CLANG_WARN_EMPTY_BODY = YES;
				CLANG_WARN_ENUM_CONVERSION = YES;
				CLANG_WARN_INFINITE_RECURSION = YES;
				CLANG_WARN_INT_CONVERSION = YES;
				CLANG_WARN_NON_LITERAL_NULL_CONVERSION = YES;
				CLANG_WARN_OBJC_IMPLICIT_RETAIN_SELF = YES;
				CLANG_WARN_OBJC_LITERAL_CONVERSION = YES;
				CLANG_WARN_OBJC_ROOT_CLASS = YES_ERROR;
				CLANG_WARN_QUOTED_INCLUDE_IN_FRAMEWORK_HEADER = YES;
				CLANG_WARN_RANGE_LOOP_ANALYSIS = YES;
				CLANG_WARN_STRICT_PROTOTYPES = YES;
				CLANG_WARN_SUSPICIOUS_MOVE = YES;
				CLANG_WARN_UNGUARDED_AVAILABILITY = YES_AGGRESSIVE;
				CLANG_WARN_UNREACHABLE_CODE = YES;
				CLANG_WARN__DUPLICATE_METHOD_MATCH = YES;
				COPY_PHASE_STRIP = NO;
				DEBUG_INFORMATION_FORMAT = dwarf;
				ENABLE_STRICT_OBJC_MSGSEND = YES;
				ENABLE_TESTABILITY = YES;
				ENABLE_USER_SCRIPT_SANDBOXING = YES;
				GCC_C_LANGUAGE_STANDARD = gnu17;
				GCC_DYNAMIC_NO_PIC = NO;
				GCC_NO_COMMON_BLOCKS = YES;
				GCC_OPTIMIZATION_LEVEL = 0;
				GCC_PREPROCESSOR_DEFINITIONS = (
					"DEBUG=1",
					"$(inherited)",
				);
				GCC_WARN_64_TO_32_BIT_CONVERSION = YES;
				GCC_WARN_ABOUT_RETURN_TYPE = YES_ERROR;
				GCC_WARN_UNDECLARED_SELECTOR = YES;
				GCC_WARN_UNINITIALIZED_AUTOS = YES_AGGRESSIVE;
				GCC_WARN_UNUSED_FUNCTION = YES;
				GCC_WARN_UNUSED_VARIABLE = YES;
				INFOPLIST_FILE = "";
				IPHONEOS_DEPLOYMENT_TARGET = 18.2;
				LOCALIZATION_PREFERS_STRING_CATALOGS = YES;
				MTL_ENABLE_DEBUG_INFO = INCLUDE_SOURCE;
				MTL_FAST_MATH = YES;
				ONLY_ACTIVE_ARCH = YES;
				SDKROOT = iphoneos;
				SWIFT_ACTIVE_COMPILATION_CONDITIONS = "DEBUG $(inherited)";
				SWIFT_OPTIMIZATION_LEVEL = "-Onone";
			};
			name = Debug;
		};
		8A3E22B72D8B89DC00EA1646 /* Release */ = {
			isa = XCBuildConfiguration;
			buildSettings = {
				ALWAYS_SEARCH_USER_PATHS = NO;
				ASSETCATALOG_COMPILER_GENERATE_SWIFT_ASSET_SYMBOL_EXTENSIONS = YES;
				CLANG_ANALYZER_NONNULL = YES;
				CLANG_ANALYZER_NUMBER_OBJECT_CONVERSION = YES_AGGRESSIVE;
				CLANG_CXX_LANGUAGE_STANDARD = "gnu++20";
				CLANG_ENABLE_MODULES = YES;
				CLANG_ENABLE_OBJC_ARC = YES;
				CLANG_ENABLE_OBJC_WEAK = YES;
				CLANG_WARN_BLOCK_CAPTURE_AUTORELEASING = YES;
				CLANG_WARN_BOOL_CONVERSION = YES;
				CLANG_WARN_COMMA = YES;
				CLANG_WARN_CONSTANT_CONVERSION = YES;
				CLANG_WARN_DEPRECATED_OBJC_IMPLEMENTATIONS = YES;
				CLANG_WARN_DIRECT_OBJC_ISA_USAGE = YES_ERROR;
				CLANG_WARN_DOCUMENTATION_COMMENTS = YES;
				CLANG_WARN_EMPTY_BODY = YES;
				CLANG_WARN_ENUM_CONVERSION = YES;
				CLANG_WARN_INFINITE_RECURSION = YES;
				CLANG_WARN_INT_CONVERSION = YES;
				CLANG_WARN_NON_LITERAL_NULL_CONVERSION = YES;
				CLANG_WARN_OBJC_IMPLICIT_RETAIN_SELF = YES;
				CLANG_WARN_OBJC_LITERAL_CONVERSION = YES;
				CLANG_WARN_OBJC_ROOT_CLASS = YES_ERROR;
				CLANG_WARN_QUOTED_INCLUDE_IN_FRAMEWORK_HEADER = YES;
				CLANG_WARN_RANGE_LOOP_ANALYSIS = YES;
				CLANG_WARN_STRICT_PROTOTYPES = YES;
				CLANG_WARN_SUSPICIOUS_MOVE = YES;
				CLANG_WARN_UNGUARDED_AVAILABILITY = YES_AGGRESSIVE;
				CLANG_WARN_UNREACHABLE_CODE = YES;
				CLANG_WARN__DUPLICATE_METHOD_MATCH = YES;
				COPY_PHASE_STRIP = NO;
				DEBUG_INFORMATION_FORMAT = "dwarf-with-dsym";
				ENABLE_NS_ASSERTIONS = NO;
				ENABLE_STRICT_OBJC_MSGSEND = YES;
				ENABLE_USER_SCRIPT_SANDBOXING = YES;
				GCC_C_LANGUAGE_STANDARD = gnu17;
				GCC_NO_COMMON_BLOCKS = YES;
				GCC_WARN_64_TO_32_BIT_CONVERSION = YES;
				GCC_WARN_ABOUT_RETURN_TYPE = YES_ERROR;
				GCC_WARN_UNDECLARED_SELECTOR = YES;
				GCC_WARN_UNINITIALIZED_AUTOS = YES_AGGRESSIVE;
				GCC_WARN_UNUSED_FUNCTION = YES;
				GCC_WARN_UNUSED_VARIABLE = YES;
				INFOPLIST_FILE = "";
				IPHONEOS_DEPLOYMENT_TARGET = 18.2;
				LOCALIZATION_PREFERS_STRING_CATALOGS = YES;
				MTL_ENABLE_DEBUG_INFO = NO;
				MTL_FAST_MATH = YES;
				SDKROOT = iphoneos;
				SWIFT_COMPILATION_MODE = wholemodule;
				VALIDATE_PRODUCT = YES;
			};
			name = Release;
		};
		8A3E22B92D8B89DC00EA1646 /* Debug */ = {
			isa = XCBuildConfiguration;
			buildSettings = {
				ASSETCATALOG_COMPILER_APPICON_NAME = AppIcon;
				ASSETCATALOG_COMPILER_GLOBAL_ACCENT_COLOR_NAME = AccentColor;
				CODE_SIGN_STYLE = Automatic;
				CURRENT_PROJECT_VERSION = 1;
				DEVELOPMENT_ASSET_PATHS = "\"FutsalGG/Preview Content\"";
				DEVELOPMENT_TEAM = PM6PX4YGD5;
				ENABLE_PREVIEWS = YES;
				GENERATE_INFOPLIST_FILE = YES;
				INFOPLIST_FILE = FutsalGG/Info.plist;
				INFOPLIST_KEY_CFBundleDisplayName = "풋살GG (DEV)";
				INFOPLIST_KEY_LSApplicationCategoryType = "public.app-category.lifestyle";
				INFOPLIST_KEY_UIApplicationSceneManifest_Generation = YES;
				INFOPLIST_KEY_UIApplicationSupportsIndirectInputEvents = YES;
				INFOPLIST_KEY_UILaunchScreen_Generation = YES;
				INFOPLIST_KEY_UIStatusBarStyle = UIStatusBarStyleLightContent;
				INFOPLIST_KEY_UISupportedInterfaceOrientations = UIInterfaceOrientationPortrait;
				INFOPLIST_KEY_UISupportedInterfaceOrientations_iPad = "UIInterfaceOrientationLandscapeLeft UIInterfaceOrientationLandscapeRight UIInterfaceOrientationPortrait UIInterfaceOrientationPortraitUpsideDown";
				INFOPLIST_KEY_UIUserInterfaceStyle = Light;
				IPHONEOS_DEPLOYMENT_TARGET = 18.0;
				LD_RUNPATH_SEARCH_PATHS = (
					"$(inherited)",
					"@executable_path/Frameworks",
				);
				MARKETING_VERSION = 1.0;
				PRODUCT_BUNDLE_IDENTIFIER = com.swipe.FutsalGG.Dev;
				PRODUCT_NAME = "$(TARGET_NAME)";
				SUPPORTED_PLATFORMS = "iphoneos iphonesimulator";
				SUPPORTS_MACCATALYST = NO;
				SUPPORTS_MAC_DESIGNED_FOR_IPHONE_IPAD = NO;
				SUPPORTS_XR_DESIGNED_FOR_IPHONE_IPAD = NO;
				SWIFT_EMIT_LOC_STRINGS = YES;
				SWIFT_VERSION = 5.0;
				TARGETED_DEVICE_FAMILY = 1;
			};
			name = Debug;
		};
		8A3E22BA2D8B89DC00EA1646 /* Release */ = {
			isa = XCBuildConfiguration;
			buildSettings = {
				ASSETCATALOG_COMPILER_APPICON_NAME = AppIcon;
				ASSETCATALOG_COMPILER_GLOBAL_ACCENT_COLOR_NAME = AccentColor;
				CODE_SIGN_STYLE = Automatic;
				CURRENT_PROJECT_VERSION = 1;
				DEVELOPMENT_ASSET_PATHS = "\"FutsalGG/Preview Content\"";
				DEVELOPMENT_TEAM = PM6PX4YGD5;
				ENABLE_PREVIEWS = YES;
				GENERATE_INFOPLIST_FILE = YES;
				INFOPLIST_FILE = FutsalGG/Info.plist;
				INFOPLIST_KEY_CFBundleDisplayName = "풋살GG (DEV)";
				INFOPLIST_KEY_LSApplicationCategoryType = "public.app-category.lifestyle";
				INFOPLIST_KEY_UIApplicationSceneManifest_Generation = YES;
				INFOPLIST_KEY_UIApplicationSupportsIndirectInputEvents = YES;
				INFOPLIST_KEY_UILaunchScreen_Generation = YES;
				INFOPLIST_KEY_UIStatusBarStyle = UIStatusBarStyleLightContent;
				INFOPLIST_KEY_UISupportedInterfaceOrientations = UIInterfaceOrientationPortrait;
				INFOPLIST_KEY_UISupportedInterfaceOrientations_iPad = "UIInterfaceOrientationLandscapeLeft UIInterfaceOrientationLandscapeRight UIInterfaceOrientationPortrait UIInterfaceOrientationPortraitUpsideDown";
				INFOPLIST_KEY_UIUserInterfaceStyle = Light;
				IPHONEOS_DEPLOYMENT_TARGET = 18.0;
				LD_RUNPATH_SEARCH_PATHS = (
					"$(inherited)",
					"@executable_path/Frameworks",
				);
				MARKETING_VERSION = 1.0;
				PRODUCT_BUNDLE_IDENTIFIER = com.swipe.FutsalGG;
				PRODUCT_NAME = "$(TARGET_NAME)";
				SUPPORTED_PLATFORMS = "iphoneos iphonesimulator";
				SUPPORTS_MACCATALYST = NO;
				SUPPORTS_MAC_DESIGNED_FOR_IPHONE_IPAD = NO;
				SUPPORTS_XR_DESIGNED_FOR_IPHONE_IPAD = NO;
				SWIFT_EMIT_LOC_STRINGS = YES;
				SWIFT_VERSION = 5.0;
				TARGETED_DEVICE_FAMILY = 1;
			};
			name = Release;
		};
/* End XCBuildConfiguration section */

/* Begin XCConfigurationList section */
		8A3E22A52D8B89DB00EA1646 /* Build configuration list for PBXProject "FutsalGG" */ = {
			isa = XCConfigurationList;
			buildConfigurations = (
				8A3E22B62D8B89DC00EA1646 /* Debug */,
				8A3E22B72D8B89DC00EA1646 /* Release */,
			);
			defaultConfigurationIsVisible = 0;
			defaultConfigurationName = Release;
		};
		8A3E22B82D8B89DC00EA1646 /* Build configuration list for PBXNativeTarget "FutsalGG" */ = {
			isa = XCConfigurationList;
			buildConfigurations = (
				8A3E22B92D8B89DC00EA1646 /* Debug */,
				8A3E22BA2D8B89DC00EA1646 /* Release */,
			);
			defaultConfigurationIsVisible = 0;
			defaultConfigurationName = Release;
		};
/* End XCConfigurationList section */

/* Begin XCRemoteSwiftPackageReference section */
		8A28612C2DCB1752009F89AC /* XCRemoteSwiftPackageReference "SDWebImageSwiftUI" */ = {
			isa = XCRemoteSwiftPackageReference;
			repositoryURL = "https://github.com/SDWebImage/SDWebImageSwiftUI.git";
			requirement = {
				kind = upToNextMajorVersion;
				minimumVersion = 3.1.3;
			};
		};
		8A3E22CD2D8BA3A600EA1646 /* XCRemoteSwiftPackageReference "swift-composable-architecture" */ = {
			isa = XCRemoteSwiftPackageReference;
			repositoryURL = "https://github.com/pointfreeco/swift-composable-architecture.git";
			requirement = {
				kind = upToNextMajorVersion;
				minimumVersion = 1.18.0;
			};
		};
		8A3E22D02D8BA3CD00EA1646 /* XCRemoteSwiftPackageReference "Moya" */ = {
			isa = XCRemoteSwiftPackageReference;
			repositoryURL = "https://github.com/Moya/Moya.git";
			requirement = {
				kind = upToNextMajorVersion;
				minimumVersion = 15.0.3;
			};
		};
		8A3E22D92D8BA42E00EA1646 /* XCRemoteSwiftPackageReference "firebase-ios-sdk" */ = {
			isa = XCRemoteSwiftPackageReference;
			repositoryURL = "https://github.com/firebase/firebase-ios-sdk.git";
			requirement = {
				kind = upToNextMajorVersion;
				minimumVersion = 11.10.0;
			};
		};
		8A79A9A02D927742005D7BD5 /* XCRemoteSwiftPackageReference "keychain-swift" */ = {
			isa = XCRemoteSwiftPackageReference;
			repositoryURL = "https://github.com/evgenyneu/keychain-swift.git";
			requirement = {
				kind = upToNextMajorVersion;
				minimumVersion = 24.0.0;
			};
		};
		8ABFCCB62DB0B47600B183FA /* XCRemoteSwiftPackageReference "Mantis" */ = {
			isa = XCRemoteSwiftPackageReference;
			repositoryURL = "https://github.com/guoyingtao/Mantis.git";
			requirement = {
				kind = upToNextMajorVersion;
				minimumVersion = 1.7.5;
			};
		};
		8ABFCCB92DB0BD0200B183FA /* XCRemoteSwiftPackageReference "lottie-spm" */ = {
			isa = XCRemoteSwiftPackageReference;
			repositoryURL = "https://github.com/airbnb/lottie-spm.git";
			requirement = {
				kind = upToNextMajorVersion;
				minimumVersion = 4.5.1;
			};
		};
/* End XCRemoteSwiftPackageReference section */

/* Begin XCSwiftPackageProductDependency section */
		8A28612D2DCB1752009F89AC /* SDWebImageSwiftUI */ = {
			isa = XCSwiftPackageProductDependency;
			package = 8A28612C2DCB1752009F89AC /* XCRemoteSwiftPackageReference "SDWebImageSwiftUI" */;
			productName = SDWebImageSwiftUI;
		};
		8A3E22CE2D8BA3A600EA1646 /* ComposableArchitecture */ = {
			isa = XCSwiftPackageProductDependency;
			package = 8A3E22CD2D8BA3A600EA1646 /* XCRemoteSwiftPackageReference "swift-composable-architecture" */;
			productName = ComposableArchitecture;
		};
		8A3E22D12D8BA3CD00EA1646 /* CombineMoya */ = {
			isa = XCSwiftPackageProductDependency;
			package = 8A3E22D02D8BA3CD00EA1646 /* XCRemoteSwiftPackageReference "Moya" */;
			productName = CombineMoya;
		};
		8A3E22D32D8BA3CD00EA1646 /* Moya */ = {
			isa = XCSwiftPackageProductDependency;
			package = 8A3E22D02D8BA3CD00EA1646 /* XCRemoteSwiftPackageReference "Moya" */;
			productName = Moya;
		};
		8A3E22D52D8BA3CD00EA1646 /* ReactiveMoya */ = {
			isa = XCSwiftPackageProductDependency;
			package = 8A3E22D02D8BA3CD00EA1646 /* XCRemoteSwiftPackageReference "Moya" */;
			productName = ReactiveMoya;
		};
		8A3E22D72D8BA3CD00EA1646 /* RxMoya */ = {
			isa = XCSwiftPackageProductDependency;
			package = 8A3E22D02D8BA3CD00EA1646 /* XCRemoteSwiftPackageReference "Moya" */;
			productName = RxMoya;
		};
		8A3E22DA2D8BA42E00EA1646 /* FirebaseAuth */ = {
			isa = XCSwiftPackageProductDependency;
			package = 8A3E22D92D8BA42E00EA1646 /* XCRemoteSwiftPackageReference "firebase-ios-sdk" */;
			productName = FirebaseAuth;
		};
		8A3E22DC2D8BA42E00EA1646 /* FirebaseCrashlytics */ = {
			isa = XCSwiftPackageProductDependency;
			package = 8A3E22D92D8BA42E00EA1646 /* XCRemoteSwiftPackageReference "firebase-ios-sdk" */;
			productName = FirebaseCrashlytics;
		};
		8A3E22DE2D8BA42E00EA1646 /* FirebaseMessaging */ = {
			isa = XCSwiftPackageProductDependency;
			package = 8A3E22D92D8BA42E00EA1646 /* XCRemoteSwiftPackageReference "firebase-ios-sdk" */;
			productName = FirebaseMessaging;
		};
		8A79A9A12D927742005D7BD5 /* KeychainSwift */ = {
			isa = XCSwiftPackageProductDependency;
			package = 8A79A9A02D927742005D7BD5 /* XCRemoteSwiftPackageReference "keychain-swift" */;
			productName = KeychainSwift;
		};
		8ABFCCB72DB0B47600B183FA /* Mantis */ = {
			isa = XCSwiftPackageProductDependency;
			package = 8ABFCCB62DB0B47600B183FA /* XCRemoteSwiftPackageReference "Mantis" */;
			productName = Mantis;
		};
		8ABFCCBA2DB0BD0200B183FA /* Lottie */ = {
			isa = XCSwiftPackageProductDependency;
			package = 8ABFCCB92DB0BD0200B183FA /* XCRemoteSwiftPackageReference "lottie-spm" */;
			productName = Lottie;
		};
/* End XCSwiftPackageProductDependency section */
	};
	rootObject = 8A3E22A22D8B89DB00EA1646 /* Project object */;
}
